{
  "version": 4,
  "terraform_version": "1.4.2",
  "serial": 4,
  "lineage": "d7f13d98-5ce2-7a43-ab8c-05c24f72de24",
  "outputs": {
    "AmiIDNumber": {
      "value": "ami-0b97ada35a6e649c0",
      "type": "string"
    }
  },
  "resources": [
    {
      "mode": "data",
      "type": "aws_ami",
      "name": "amiCluster",
      "provider": "provider[\"registry.terraform.io/hashicorp/aws\"]",
      "instances": [
        {
          "schema_version": 0,
          "attributes": {
            "architecture": "x86_64",
            "arn": "arn:aws:ec2:sa-east-1::image/ami-0b97ada35a6e649c0",
            "block_device_mappings": [
              {
                "device_name": "/dev/sda1",
                "ebs": {
                  "delete_on_termination": "true",
                  "encrypted": "true",
                  "iops": "0",
                  "snapshot_id": "snap-026f663f2c41fe926",
                  "throughput": "0",
                  "volume_size": "20",
                  "volume_type": "gp2"
                },
                "no_device": "",
                "virtual_name": ""
              },
              {
                "device_name": "/dev/sdb",
                "ebs": {
                  "delete_on_termination": "true",
                  "encrypted": "true",
                  "iops": "3000",
                  "snapshot_id": "snap-0877373871cd941cb",
                  "throughput": "125",
                  "volume_size": "10",
                  "volume_type": "gp3"
                },
                "no_device": "",
                "virtual_name": ""
              },
              {
                "device_name": "/dev/sdc",
                "ebs": {
                  "delete_on_termination": "true",
                  "encrypted": "true",
                  "iops": "3000",
                  "snapshot_id": "snap-000bfb853258466d6",
                  "throughput": "125",
                  "volume_size": "100",
                  "volume_type": "gp3"
                },
                "no_device": "",
                "virtual_name": ""
              },
              {
                "device_name": "/dev/sdf",
                "ebs": {
                  "delete_on_termination": "true",
                  "encrypted": "true",
                  "iops": "0",
                  "snapshot_id": "snap-0192e4ee671592b32",
                  "throughput": "0",
                  "volume_size": "20",
                  "volume_type": "gp2"
                },
                "no_device": "",
                "virtual_name": ""
              }
            ],
            "boot_mode": "",
            "creation_date": "2023-04-05T21:02:14.261Z",
            "deprecation_time": "",
            "description": "",
            "ena_support": true,
            "executable_users": null,
            "filter": [
              {
                "name": "name",
                "values": [
                  "ami-base-mongo-rhel8-2023-04-05"
                ]
              }
            ],
            "hypervisor": "xen",
            "id": "ami-0b97ada35a6e649c0",
            "image_id": "ami-0b97ada35a6e649c0",
            "image_location": "328257591560/ami-base-mongo-rhel8-2023-04-05",
            "image_owner_alias": "",
            "image_type": "machine",
            "imds_support": "",
            "include_deprecated": false,
            "kernel_id": "",
            "most_recent": true,
            "name": "ami-base-mongo-rhel8-2023-04-05",
            "name_regex": null,
            "owner_id": "328257591560",
            "owners": null,
            "platform": "",
            "platform_details": "Red Hat Enterprise Linux",
            "product_codes": [],
            "public": false,
            "ramdisk_id": "",
            "root_device_name": "/dev/sda1",
            "root_device_type": "ebs",
            "root_snapshot_id": "snap-026f663f2c41fe926",
            "sriov_net_support": "simple",
            "state": "available",
            "state_reason": {
              "code": "UNSET",
              "message": "UNSET"
            },
            "tags": {},
            "timeouts": null,
            "tpm_support": "",
            "usage_operation": "RunInstances:0010",
            "virtualization_type": "hvm"
          },
          "sensitive_attributes": []
        }
      ]
    },
    {
      "mode": "managed",
      "type": "aws_instance",
      "name": "Mongo-Server-A",
      "provider": "provider[\"registry.terraform.io/hashicorp/aws\"]",
      "instances": [
        {
          "schema_version": 1,
          "attributes": {
            "ami": "ami-0b97ada35a6e649c0",
            "arn": "arn:aws:ec2:sa-east-1:328257591560:instance/i-050c8499bde7754e7",
            "associate_public_ip_address": false,
            "availability_zone": "sa-east-1a",
            "capacity_reservation_specification": [
              {
                "capacity_reservation_preference": "open",
                "capacity_reservation_target": []
              }
            ],
            "cpu_core_count": 2,
            "cpu_threads_per_core": 2,
            "credit_specification": [
              {
                "cpu_credits": "unlimited"
              }
            ],
            "disable_api_stop": false,
            "disable_api_termination": false,
            "ebs_block_device": [
              {
                "delete_on_termination": true,
                "device_name": "/dev/sdb",
                "encrypted": true,
                "iops": 3000,
                "kms_key_id": "arn:aws:kms:sa-east-1:328257591560:key/2be8f548-cc8e-4650-ab5b-b3bd89e3e069",
                "snapshot_id": "snap-0877373871cd941cb",
                "tags": {},
                "throughput": 125,
                "volume_id": "vol-039a8a27450c46f2d",
                "volume_size": 10,
                "volume_type": "gp3"
              },
              {
                "delete_on_termination": true,
                "device_name": "/dev/sdc",
                "encrypted": true,
                "iops": 3000,
                "kms_key_id": "arn:aws:kms:sa-east-1:328257591560:key/2be8f548-cc8e-4650-ab5b-b3bd89e3e069",
                "snapshot_id": "snap-000bfb853258466d6",
                "tags": {},
                "throughput": 125,
                "volume_id": "vol-097641111dc1ed44d",
                "volume_size": 100,
                "volume_type": "gp3"
              },
              {
                "delete_on_termination": true,
                "device_name": "/dev/sdf",
                "encrypted": true,
                "iops": 100,
                "kms_key_id": "arn:aws:kms:sa-east-1:328257591560:key/2be8f548-cc8e-4650-ab5b-b3bd89e3e069",
                "snapshot_id": "snap-0192e4ee671592b32",
                "tags": {},
                "throughput": 0,
                "volume_id": "vol-06a103fae8a93150b",
                "volume_size": 20,
                "volume_type": "gp2"
              }
            ],
            "ebs_optimized": false,
            "enclave_options": [
              {
                "enabled": false
              }
            ],
            "ephemeral_block_device": [],
            "get_password_data": false,
            "hibernation": false,
            "host_id": "",
            "host_resource_group_arn": null,
            "iam_instance_profile": "BURoleForDigitalEC2-SSM",
            "id": "i-050c8499bde7754e7",
            "instance_initiated_shutdown_behavior": "stop",
            "instance_state": "running",
            "instance_type": "t3.xlarge",
            "ipv6_address_count": 0,
            "ipv6_addresses": [],
            "key_name": "digital-2",
            "launch_template": [],
            "maintenance_options": [
              {
                "auto_recovery": "default"
              }
            ],
            "metadata_options": [
              {
                "http_endpoint": "enabled",
                "http_put_response_hop_limit": 1,
                "http_tokens": "optional",
                "instance_metadata_tags": "disabled"
              }
            ],
            "monitoring": false,
            "network_interface": [],
            "outpost_arn": "",
            "password_data": "",
            "placement_group": "",
            "placement_partition_number": 0,
            "primary_network_interface_id": "eni-054e2e917b57052da",
            "private_dns": "ip-10-99-133-35.sa-east-1.compute.internal",
            "private_dns_name_options": [
              {
                "enable_resource_name_dns_a_record": false,
                "enable_resource_name_dns_aaaa_record": false,
                "hostname_type": "ip-name"
              }
            ],
            "private_ip": "10.99.133.35",
            "public_dns": "",
            "public_ip": "",
            "root_block_device": [
              {
                "delete_on_termination": true,
                "device_name": "/dev/sda1",
                "encrypted": true,
                "iops": 100,
                "kms_key_id": "arn:aws:kms:sa-east-1:328257591560:key/2be8f548-cc8e-4650-ab5b-b3bd89e3e069",
                "tags": {},
                "throughput": 0,
                "volume_id": "vol-0c00c2ea5ad2ed750",
                "volume_size": 20,
                "volume_type": "gp2"
              }
            ],
            "secondary_private_ips": [],
            "security_groups": [],
            "source_dest_check": true,
            "subnet_id": "subnet-0b98c95db550ce9d9",
            "tags": {
              "Ambiente": "PROD",
              "Backup": "False",
              "CWAgentInstall": "True",
              "CWRetentionDays": "30",
              "Description": "BRASA1PDBUES16 (account-iam)",
              "Name": "mongodb-account-iam-a",
              "ResourceAppRole": "Db",
              "ResourceBusinessUnit": "Brazil Digital Paas",
              "ResourceCostCenter": "1800.BR.134.502527",
              "ResourceName": "brasa1pdbues16.br.experian.eeca1",
              "ResourceOwner": "devsecopsdigitalpaas@br.experian.com",
              "bu": "Digital"
            },
            "tags_all": {
              "Ambiente": "PROD",
              "Backup": "False",
              "CWAgentInstall": "True",
              "CWRetentionDays": "30",
              "Description": "BRASA1PDBUES16 (account-iam)",
              "Name": "mongodb-account-iam-a",
              "ResourceAppRole": "Db",
              "ResourceBusinessUnit": "Brazil Digital Paas",
              "ResourceCostCenter": "1800.BR.134.502527",
              "ResourceName": "brasa1pdbues16.br.experian.eeca1",
              "ResourceOwner": "devsecopsdigitalpaas@br.experian.com",
              "bu": "Digital"
            },
            "tenancy": "default",
            "timeouts": null,
            "user_data": null,
            "user_data_base64": null,
            "user_data_replace_on_change": false,
            "volume_tags": null,
            "vpc_security_group_ids": [
              "sg-0d2655c4bf3a7bb14",
              "sg-0ef01e3210d87dffb"
            ]
          },
          "sensitive_attributes": [],
          "private": "eyJlMmJmYjczMC1lY2FhLTExZTYtOGY4OC0zNDM2M2JjN2M0YzAiOnsiY3JlYXRlIjo2MDAwMDAwMDAwMDAsImRlbGV0ZSI6MTIwMDAwMDAwMDAwMCwidXBkYXRlIjo2MDAwMDAwMDAwMDB9LCJzY2hlbWFfdmVyc2lvbiI6IjEifQ==",
          "dependencies": [
            "data.aws_ami.amiCluster"
          ]
        }
      ]
    },
    {
      "mode": "managed",
      "type": "aws_instance",
      "name": "Mongo-Server-B",
      "provider": "provider[\"registry.terraform.io/hashicorp/aws\"]",
      "instances": [
        {
          "schema_version": 1,
          "attributes": {
            "ami": "ami-0b97ada35a6e649c0",
            "arn": "arn:aws:ec2:sa-east-1:328257591560:instance/i-07ae20fdcdec6ee5a",
            "associate_public_ip_address": false,
            "availability_zone": "sa-east-1b",
            "capacity_reservation_specification": [
              {
                "capacity_reservation_preference": "open",
                "capacity_reservation_target": []
              }
            ],
            "cpu_core_count": 2,
            "cpu_threads_per_core": 2,
            "credit_specification": [
              {
                "cpu_credits": "unlimited"
              }
            ],
            "disable_api_stop": false,
            "disable_api_termination": false,
            "ebs_block_device": [
              {
                "delete_on_termination": true,
                "device_name": "/dev/sdb",
                "encrypted": true,
                "iops": 3000,
                "kms_key_id": "arn:aws:kms:sa-east-1:328257591560:key/2be8f548-cc8e-4650-ab5b-b3bd89e3e069",
                "snapshot_id": "snap-0877373871cd941cb",
                "tags": {},
                "throughput": 125,
                "volume_id": "vol-014999408426dd941",
                "volume_size": 10,
                "volume_type": "gp3"
              },
              {
                "delete_on_termination": true,
                "device_name": "/dev/sdc",
                "encrypted": true,
                "iops": 3000,
                "kms_key_id": "arn:aws:kms:sa-east-1:328257591560:key/2be8f548-cc8e-4650-ab5b-b3bd89e3e069",
                "snapshot_id": "snap-000bfb853258466d6",
                "tags": {},
                "throughput": 125,
                "volume_id": "vol-06de50538acf50a9d",
                "volume_size": 100,
                "volume_type": "gp3"
              },
              {
                "delete_on_termination": true,
                "device_name": "/dev/sdf",
                "encrypted": true,
                "iops": 100,
                "kms_key_id": "arn:aws:kms:sa-east-1:328257591560:key/2be8f548-cc8e-4650-ab5b-b3bd89e3e069",
                "snapshot_id": "snap-0192e4ee671592b32",
                "tags": {},
                "throughput": 0,
                "volume_id": "vol-0b243a9c5c2c9d25b",
                "volume_size": 20,
                "volume_type": "gp2"
              }
            ],
            "ebs_optimized": false,
            "enclave_options": [
              {
                "enabled": false
              }
            ],
            "ephemeral_block_device": [],
            "get_password_data": false,
            "hibernation": false,
            "host_id": "",
            "host_resource_group_arn": null,
            "iam_instance_profile": "BURoleForDigitalEC2-SSM",
            "id": "i-07ae20fdcdec6ee5a",
            "instance_initiated_shutdown_behavior": "stop",
            "instance_state": "running",
            "instance_type": "t3.xlarge",
            "ipv6_address_count": 0,
            "ipv6_addresses": [],
            "key_name": "digital-2",
            "launch_template": [],
            "maintenance_options": [
              {
                "auto_recovery": "default"
              }
            ],
            "metadata_options": [
              {
                "http_endpoint": "enabled",
                "http_put_response_hop_limit": 1,
                "http_tokens": "optional",
                "instance_metadata_tags": "disabled"
              }
            ],
            "monitoring": false,
            "network_interface": [],
            "outpost_arn": "",
            "password_data": "",
            "placement_group": "",
            "placement_partition_number": 0,
            "primary_network_interface_id": "eni-058b6fc2816c36447",
            "private_dns": "ip-10-99-133-111.sa-east-1.compute.internal",
            "private_dns_name_options": [
              {
                "enable_resource_name_dns_a_record": false,
                "enable_resource_name_dns_aaaa_record": false,
                "hostname_type": "ip-name"
              }
            ],
            "private_ip": "10.99.133.111",
            "public_dns": "",
            "public_ip": "",
            "root_block_device": [
              {
                "delete_on_termination": true,
                "device_name": "/dev/sda1",
                "encrypted": true,
                "iops": 100,
                "kms_key_id": "arn:aws:kms:sa-east-1:328257591560:key/2be8f548-cc8e-4650-ab5b-b3bd89e3e069",
                "tags": {},
                "throughput": 0,
                "volume_id": "vol-02124205fd68ba4f9",
                "volume_size": 20,
                "volume_type": "gp2"
              }
            ],
            "secondary_private_ips": [],
            "security_groups": [],
            "source_dest_check": true,
            "subnet_id": "subnet-0bc91637c41307d1e",
            "tags": {
              "Ambiente": "PROD",
              "Backup": "False",
              "CWAgentInstall": "True",
              "CWRetentionDays": "30",
              "Description": "BRASA1PDBUES17 (account-iam)",
              "Name": "mongodb-account-iam-b",
              "ResourceAppRole": "Db",
              "ResourceBusinessUnit": "Brazil Digital Paas",
              "ResourceCostCenter": "1800.BR.134.502527",
              "ResourceName": "brasa1pdbues17.br.experian.eeca1",
              "ResourceOwner": "devsecopsdigitalpaas@br.experian.com",
              "bu": "Digital"
            },
            "tags_all": {
              "Ambiente": "PROD",
              "Backup": "False",
              "CWAgentInstall": "True",
              "CWRetentionDays": "30",
              "Description": "BRASA1PDBUES17 (account-iam)",
              "Name": "mongodb-account-iam-b",
              "ResourceAppRole": "Db",
              "ResourceBusinessUnit": "Brazil Digital Paas",
              "ResourceCostCenter": "1800.BR.134.502527",
              "ResourceName": "brasa1pdbues17.br.experian.eeca1",
              "ResourceOwner": "devsecopsdigitalpaas@br.experian.com",
              "bu": "Digital"
            },
            "tenancy": "default",
            "timeouts": null,
            "user_data": null,
            "user_data_base64": null,
            "user_data_replace_on_change": false,
            "volume_tags": null,
            "vpc_security_group_ids": [
              "sg-0d2655c4bf3a7bb14",
              "sg-0ef01e3210d87dffb"
            ]
          },
          "sensitive_attributes": [],
          "private": "eyJlMmJmYjczMC1lY2FhLTExZTYtOGY4OC0zNDM2M2JjN2M0YzAiOnsiY3JlYXRlIjo2MDAwMDAwMDAwMDAsImRlbGV0ZSI6MTIwMDAwMDAwMDAwMCwidXBkYXRlIjo2MDAwMDAwMDAwMDB9LCJzY2hlbWFfdmVyc2lvbiI6IjEifQ==",
          "dependencies": [
            "data.aws_ami.amiCluster"
          ]
        }
      ]
    },
    {
      "mode": "managed",
      "type": "aws_instance",
      "name": "Mongo-Server-C",
      "provider": "provider[\"registry.terraform.io/hashicorp/aws\"]",
      "instances": [
        {
          "schema_version": 1,
          "attributes": {
            "ami": "ami-0b97ada35a6e649c0",
            "arn": "arn:aws:ec2:sa-east-1:328257591560:instance/i-09e4589367dea52d9",
            "associate_public_ip_address": false,
            "availability_zone": "sa-east-1c",
            "capacity_reservation_specification": [
              {
                "capacity_reservation_preference": "open",
                "capacity_reservation_target": []
              }
            ],
            "cpu_core_count": 2,
            "cpu_threads_per_core": 2,
            "credit_specification": [
              {
                "cpu_credits": "unlimited"
              }
            ],
            "disable_api_stop": false,
            "disable_api_termination": false,
            "ebs_block_device": [
              {
                "delete_on_termination": true,
                "device_name": "/dev/sdb",
                "encrypted": true,
                "iops": 3000,
                "kms_key_id": "arn:aws:kms:sa-east-1:328257591560:key/2be8f548-cc8e-4650-ab5b-b3bd89e3e069",
                "snapshot_id": "snap-0877373871cd941cb",
                "tags": {},
                "throughput": 125,
                "volume_id": "vol-0d3687f5af95bc3d9",
                "volume_size": 10,
                "volume_type": "gp3"
              },
              {
                "delete_on_termination": true,
                "device_name": "/dev/sdc",
                "encrypted": true,
                "iops": 3000,
                "kms_key_id": "arn:aws:kms:sa-east-1:328257591560:key/2be8f548-cc8e-4650-ab5b-b3bd89e3e069",
                "snapshot_id": "snap-000bfb853258466d6",
                "tags": {},
                "throughput": 125,
                "volume_id": "vol-0f194e47f98fb9ed6",
                "volume_size": 100,
                "volume_type": "gp3"
              },
              {
                "delete_on_termination": true,
                "device_name": "/dev/sdf",
                "encrypted": true,
                "iops": 100,
                "kms_key_id": "arn:aws:kms:sa-east-1:328257591560:key/2be8f548-cc8e-4650-ab5b-b3bd89e3e069",
                "snapshot_id": "snap-0192e4ee671592b32",
                "tags": {},
                "throughput": 0,
                "volume_id": "vol-0168d330f5da06473",
                "volume_size": 20,
                "volume_type": "gp2"
              }
            ],
            "ebs_optimized": false,
            "enclave_options": [
              {
                "enabled": false
              }
            ],
            "ephemeral_block_device": [],
            "get_password_data": false,
            "hibernation": false,
            "host_id": "",
            "host_resource_group_arn": null,
            "iam_instance_profile": "BURoleForDigitalEC2-SSM",
            "id": "i-09e4589367dea52d9",
            "instance_initiated_shutdown_behavior": "stop",
            "instance_state": "running",
            "instance_type": "t3.xlarge",
            "ipv6_address_count": 0,
            "ipv6_addresses": [],
            "key_name": "digital-2",
            "launch_template": [],
            "maintenance_options": [
              {
                "auto_recovery": "default"
              }
            ],
            "metadata_options": [
              {
                "http_endpoint": "enabled",
                "http_put_response_hop_limit": 1,
                "http_tokens": "optional",
                "instance_metadata_tags": "disabled"
              }
            ],
            "monitoring": false,
            "network_interface": [],
            "outpost_arn": "",
            "password_data": "",
            "placement_group": "",
            "placement_partition_number": 0,
            "primary_network_interface_id": "eni-051a49f54183c01b7",
            "private_dns": "ip-10-99-133-161.sa-east-1.compute.internal",
            "private_dns_name_options": [
              {
                "enable_resource_name_dns_a_record": false,
                "enable_resource_name_dns_aaaa_record": false,
                "hostname_type": "ip-name"
              }
            ],
            "private_ip": "10.99.133.161",
            "public_dns": "",
            "public_ip": "",
            "root_block_device": [
              {
                "delete_on_termination": true,
                "device_name": "/dev/sda1",
                "encrypted": true,
                "iops": 100,
                "kms_key_id": "arn:aws:kms:sa-east-1:328257591560:key/2be8f548-cc8e-4650-ab5b-b3bd89e3e069",
                "tags": {},
                "throughput": 0,
                "volume_id": "vol-0e7399fa168a08f5f",
                "volume_size": 20,
                "volume_type": "gp2"
              }
            ],
            "secondary_private_ips": [],
            "security_groups": [],
            "source_dest_check": true,
            "subnet_id": "subnet-033160ee36b4f778f",
            "tags": {
              "Ambiente": "PROD",
              "Backup": "False",
              "CWAgentInstall": "True",
              "CWRetentionDays": "30",
              "Description": "BRASA1PDBUES18 (account-iam)",
              "Name": "mongodb-account-iam-c",
              "ResourceAppRole": "Db",
              "ResourceBusinessUnit": "Brazil Digital Paas",
              "ResourceCostCenter": "1800.BR.134.502527",
              "ResourceName": "brasa1upbues18.br.experian.eeca1",
              "ResourceOwner": "devsecopsdigitalpaas@br.experian.com",
              "bu": "Digital"
            },
            "tags_all": {
              "Ambiente": "PROD",
              "Backup": "False",
              "CWAgentInstall": "True",
              "CWRetentionDays": "30",
              "Description": "BRASA1PDBUES18 (account-iam)",
              "Name": "mongodb-account-iam-c",
              "ResourceAppRole": "Db",
              "ResourceBusinessUnit": "Brazil Digital Paas",
              "ResourceCostCenter": "1800.BR.134.502527",
              "ResourceName": "brasa1upbues18.br.experian.eeca1",
              "ResourceOwner": "devsecopsdigitalpaas@br.experian.com",
              "bu": "Digital"
            },
            "tenancy": "default",
            "timeouts": null,
            "user_data": null,
            "user_data_base64": null,
            "user_data_replace_on_change": false,
            "volume_tags": null,
            "vpc_security_group_ids": [
              "sg-0d2655c4bf3a7bb14",
              "sg-0ef01e3210d87dffb"
            ]
          },
          "sensitive_attributes": [],
          "private": "eyJlMmJmYjczMC1lY2FhLTExZTYtOGY4OC0zNDM2M2JjN2M0YzAiOnsiY3JlYXRlIjo2MDAwMDAwMDAwMDAsImRlbGV0ZSI6MTIwMDAwMDAwMDAwMCwidXBkYXRlIjo2MDAwMDAwMDAwMDB9LCJzY2hlbWFfdmVyc2lvbiI6IjEifQ==",
          "dependencies": [
            "data.aws_ami.amiCluster"
          ]
        }
      ]
    }
  ],
  "check_results": null
}
