{
  "version": 4,
  "terraform_version": "1.4.2",
  "serial": 47,
  "lineage": "06e79bea-4a85-5562-011d-421ec5bfa6fe",
  "outputs": {},
  "resources": [
    {
      "mode": "managed",
      "type": "aws_dms_endpoint",
      "name": "source-endpoint-personValidation",
      "provider": "provider[\"registry.terraform.io/hashicorp/aws\"]",
      "instances": [
        {
          "schema_version": 0,
          "attributes": {
            "certificate_arn": "",
            "database_name": "personValidation",
            "elasticsearch_settings": [],
            "endpoint_arn": "arn:aws:dms:sa-east-1:492208500822:endpoint:KKVXMITO5SHBC3USNQHL5XZ5OU6YEFAORKXHAZQ",
            "endpoint_id": "source-migracao-mongodb-customer-relationship-personvalidation",
            "endpoint_type": "source",
            "engine_name": "mongodb",
            "extra_connection_attributes": "authMechanism=DEFAULT;authSource=admin;authType=PASSWORD;docsToInvestigate=1000;extractDocId=false;nestingLevel=NONE;",
            "id": "source-migracao-mongodb-customer-relationship-personvalidation",
            "kafka_settings": [],
            "kinesis_settings": [],
            "kms_key_arn": "arn:aws:kms:sa-east-1:492208500822:key/a64924db-7648-4ce2-92b2-295ab2a50ab2",
            "mongodb_settings": [
              {
                "auth_mechanism": "default",
                "auth_source": "admin",
                "auth_type": "password",
                "docs_to_investigate": "1000",
                "extract_doc_id": "false",
                "nesting_level": "none"
              }
            ],
            "password": "123Troc@r",
            "port": 27017,
            "redis_settings": [],
            "redshift_settings": null,
            "s3_settings": [],
            "secrets_manager_access_role_arn": "",
            "secrets_manager_arn": "",
            "server_name": "10.97.55.5",
            "service_access_role": null,
            "ssl_mode": "none",
            "tags": {
              "Name": "source-migracao-mongodb-customer-relationship-personValidation"
            },
            "tags_all": {
              "Name": "source-migracao-mongodb-customer-relationship-personValidation"
            },
            "timeouts": null,
            "username": "migracao-database"
          },
          "sensitive_attributes": [],
          "private": "eyJlMmJmYjczMC1lY2FhLTExZTYtOGY4OC0zNDM2M2JjN2M0YzAiOnsiY3JlYXRlIjozMDAwMDAwMDAwMDAsImRlbGV0ZSI6NjAwMDAwMDAwMDAwfX0="
        }
      ]
    },
    {
      "mode": "managed",
      "type": "aws_dms_endpoint",
      "name": "source-endpoint-verifyId",
      "provider": "provider[\"registry.terraform.io/hashicorp/aws\"]",
      "instances": [
        {
          "schema_version": 0,
          "attributes": {
            "certificate_arn": "",
            "database_name": "verifyId",
            "elasticsearch_settings": [],
            "endpoint_arn": "arn:aws:dms:sa-east-1:492208500822:endpoint:YF5JWRGUEYVIS6TW5UQEVI6DWTLJCNH4FT2M3TA",
            "endpoint_id": "source-migracao-mongodb-customer-relationship-verifyid",
            "endpoint_type": "source",
            "engine_name": "mongodb",
            "extra_connection_attributes": "authMechanism=DEFAULT;authSource=admin;authType=PASSWORD;docsToInvestigate=1000;extractDocId=false;nestingLevel=NONE;",
            "id": "source-migracao-mongodb-customer-relationship-verifyid",
            "kafka_settings": [],
            "kinesis_settings": [],
            "kms_key_arn": "arn:aws:kms:sa-east-1:492208500822:key/a64924db-7648-4ce2-92b2-295ab2a50ab2",
            "mongodb_settings": [
              {
                "auth_mechanism": "default",
                "auth_source": "admin",
                "auth_type": "password",
                "docs_to_investigate": "1000",
                "extract_doc_id": "false",
                "nesting_level": "none"
              }
            ],
            "password": "123Troc@r",
            "port": 27017,
            "redis_settings": [],
            "redshift_settings": null,
            "s3_settings": [],
            "secrets_manager_access_role_arn": "",
            "secrets_manager_arn": "",
            "server_name": "10.97.55.5",
            "service_access_role": null,
            "ssl_mode": "none",
            "tags": {
              "Name": "source-migracao-mongodb-customer-relationship-verifyId"
            },
            "tags_all": {
              "Name": "source-migracao-mongodb-customer-relationship-verifyId"
            },
            "timeouts": null,
            "username": "migracao-database"
          },
          "sensitive_attributes": [],
          "private": "eyJlMmJmYjczMC1lY2FhLTExZTYtOGY4OC0zNDM2M2JjN2M0YzAiOnsiY3JlYXRlIjozMDAwMDAwMDAwMDAsImRlbGV0ZSI6NjAwMDAwMDAwMDAwfX0="
        }
      ]
    },
    {
      "mode": "managed",
      "type": "aws_dms_endpoint",
      "name": "target-endpoint-personValidation",
      "provider": "provider[\"registry.terraform.io/hashicorp/aws\"]",
      "instances": [
        {
          "schema_version": 0,
          "attributes": {
            "certificate_arn": "",
            "database_name": "personValidation",
            "elasticsearch_settings": [],
            "endpoint_arn": "arn:aws:dms:sa-east-1:492208500822:endpoint:MQQUQG7JFZOUYBPY7LEDZFURPBITIQBXD6ITU2I",
            "endpoint_id": "target-migracao-mongodb-digital-kyc-services-personvalidation",
            "endpoint_type": "target",
            "engine_name": "docdb",
            "extra_connection_attributes": "",
            "id": "target-migracao-mongodb-digital-kyc-services-personvalidation",
            "kafka_settings": [],
            "kinesis_settings": [],
            "kms_key_arn": "arn:aws:kms:sa-east-1:492208500822:key/a64924db-7648-4ce2-92b2-295ab2a50ab2",
            "mongodb_settings": [
              {
                "auth_mechanism": "default",
                "auth_source": "admin",
                "auth_type": "password",
                "docs_to_investigate": "1000",
                "extract_doc_id": "false",
                "nesting_level": "none"
              }
            ],
            "password": "123Troc@r",
            "port": 27017,
            "redis_settings": [],
            "redshift_settings": null,
            "s3_settings": [],
            "secrets_manager_access_role_arn": null,
            "secrets_manager_arn": null,
            "server_name": "10.99.133.19",
            "service_access_role": null,
            "ssl_mode": "none",
            "tags": {
              "Name": "target-migracao-mongodb-digital-kyc-services-personValidation"
            },
            "tags_all": {
              "Name": "target-migracao-mongodb-digital-kyc-services-personValidation"
            },
            "timeouts": null,
            "username": "migracao-database"
          },
          "sensitive_attributes": [],
          "private": "eyJlMmJmYjczMC1lY2FhLTExZTYtOGY4OC0zNDM2M2JjN2M0YzAiOnsiY3JlYXRlIjozMDAwMDAwMDAwMDAsImRlbGV0ZSI6NjAwMDAwMDAwMDAwfX0="
        }
      ]
    },
    {
      "mode": "managed",
      "type": "aws_dms_endpoint",
      "name": "target-endpoint-verifyId",
      "provider": "provider[\"registry.terraform.io/hashicorp/aws\"]",
      "instances": [
        {
          "schema_version": 0,
          "attributes": {
            "certificate_arn": "",
            "database_name": "verifyId",
            "elasticsearch_settings": [],
            "endpoint_arn": "arn:aws:dms:sa-east-1:492208500822:endpoint:AYNHCIWJEI7VUMP6XUCMNKHSULVI5JJWQIHAV6Q",
            "endpoint_id": "target-migracao-mongodb-digital-kyc-services-verifyid",
            "endpoint_type": "target",
            "engine_name": "docdb",
            "extra_connection_attributes": "",
            "id": "target-migracao-mongodb-digital-kyc-services-verifyid",
            "kafka_settings": [],
            "kinesis_settings": [],
            "kms_key_arn": "arn:aws:kms:sa-east-1:492208500822:key/a64924db-7648-4ce2-92b2-295ab2a50ab2",
            "mongodb_settings": [
              {
                "auth_mechanism": "default",
                "auth_source": "admin",
                "auth_type": "password",
                "docs_to_investigate": "1000",
                "extract_doc_id": "false",
                "nesting_level": "none"
              }
            ],
            "password": "123Troc@r",
            "port": 27017,
            "redis_settings": [],
            "redshift_settings": null,
            "s3_settings": [],
            "secrets_manager_access_role_arn": null,
            "secrets_manager_arn": null,
            "server_name": "10.99.133.19",
            "service_access_role": null,
            "ssl_mode": "none",
            "tags": {
              "Name": "target-migracao-mongodb-digital-kyc-services-verifyId"
            },
            "tags_all": {
              "Name": "target-migracao-mongodb-digital-kyc-services-verifyId"
            },
            "timeouts": null,
            "username": "migracao-database"
          },
          "sensitive_attributes": [],
          "private": "eyJlMmJmYjczMC1lY2FhLTExZTYtOGY4OC0zNDM2M2JjN2M0YzAiOnsiY3JlYXRlIjozMDAwMDAwMDAwMDAsImRlbGV0ZSI6NjAwMDAwMDAwMDAwfX0="
        }
      ]
    },
    {
      "mode": "managed",
      "type": "aws_dms_replication_instance",
      "name": "migracao-bancos-mongo",
      "provider": "provider[\"registry.terraform.io/hashicorp/aws\"]",
      "instances": [
        {
          "schema_version": 0,
          "attributes": {
            "allocated_storage": 10,
            "allow_major_version_upgrade": null,
            "apply_immediately": true,
            "auto_minor_version_upgrade": true,
            "availability_zone": "sa-east-1c",
            "engine_version": "3.4.7",
            "id": "migracao-bancos-mongo",
            "kms_key_arn": "arn:aws:kms:sa-east-1:492208500822:key/a64924db-7648-4ce2-92b2-295ab2a50ab2",
            "multi_az": false,
            "preferred_maintenance_window": "sun:10:30-sun:14:30",
            "publicly_accessible": false,
            "replication_instance_arn": "arn:aws:dms:sa-east-1:492208500822:rep:5DO43I53RAMDY4OOUKMD2REWAYVM6QP2UUWGZCY",
            "replication_instance_class": "dms.t3.medium",
            "replication_instance_id": "migracao-bancos-mongo",
            "replication_instance_private_ips": [
              "10.97.54.200"
            ],
            "replication_instance_public_ips": [
              ""
            ],
            "replication_subnet_group_id": "sng-teste-migracao",
            "tags": {},
            "tags_all": {},
            "timeouts": null,
            "vpc_security_group_ids": [
              "sg-02a902d89ac8c34e5"
            ]
          },
          "sensitive_attributes": [],
          "private": "eyJlMmJmYjczMC1lY2FhLTExZTYtOGY4OC0zNDM2M2JjN2M0YzAiOnsiY3JlYXRlIjoxODAwMDAwMDAwMDAwLCJkZWxldGUiOjE4MDAwMDAwMDAwMDAsInVwZGF0ZSI6MTgwMDAwMDAwMDAwMH19"
        }
      ]
    },
    {
      "mode": "managed",
      "type": "aws_dms_replication_task",
      "name": "task-migracao-personValidation",
      "provider": "provider[\"registry.terraform.io/hashicorp/aws\"]",
      "instances": [
        {
          "schema_version": 0,
          "attributes": {
            "cdc_start_position": "",
            "cdc_start_time": null,
            "id": "task-migracao-personValidation",
            "migration_type": "full-load-and-cdc",
            "replication_instance_arn": "arn:aws:dms:sa-east-1:492208500822:rep:5DO43I53RAMDY4OOUKMD2REWAYVM6QP2UUWGZCY",
            "replication_task_arn": "arn:aws:dms:sa-east-1:492208500822:task:74UN4QPVM6WSQD4FJ5JMUOLAFCY3O24574GOKXA",
            "replication_task_id": "task-migracao-personvalidation",
            "replication_task_settings": "{\"BeforeImageSettings\":null,\"ChangeProcessingDdlHandlingPolicy\":{\"HandleSourceTableAltered\":true,\"HandleSourceTableDropped\":true,\"HandleSourceTableTruncated\":true},\"ChangeProcessingTuning\":{\"BatchApplyMemoryLimit\":500,\"BatchApplyPreserveTransaction\":true,\"BatchApplyTimeoutMax\":30,\"BatchApplyTimeoutMin\":1,\"BatchSplitSize\":0,\"CommitTimeout\":1,\"MemoryKeepTime\":60,\"MemoryLimitTotal\":1024,\"MinTransactionSize\":1000,\"StatementCacheSize\":50},\"CharacterSetSettings\":null,\"ControlTablesSettings\":{\"ControlSchema\":\"\",\"FullLoadExceptionTableEnabled\":false,\"HistoryTableEnabled\":false,\"HistoryTimeslotInMinutes\":5,\"StatusTableEnabled\":false,\"SuspendedTablesTableEnabled\":false},\"ErrorBehavior\":{\"ApplyErrorDeletePolicy\":\"IGNORE_RECORD\",\"ApplyErrorEscalationCount\":0,\"ApplyErrorEscalationPolicy\":\"LOG_ERROR\",\"ApplyErrorFailOnTruncationDdl\":false,\"ApplyErrorInsertPolicy\":\"LOG_ERROR\",\"ApplyErrorUpdatePolicy\":\"LOG_ERROR\",\"DataErrorEscalationCount\":0,\"DataErrorEscalationPolicy\":\"SUSPEND_TABLE\",\"DataErrorPolicy\":\"LOG_ERROR\",\"DataTruncationErrorPolicy\":\"LOG_ERROR\",\"EventErrorPolicy\":\"IGNORE\",\"FailOnNoTablesCaptured\":true,\"FailOnTransactionConsistencyBreached\":false,\"FullLoadIgnoreConflicts\":true,\"RecoverableErrorCount\":-1,\"RecoverableErrorInterval\":5,\"RecoverableErrorStopRetryAfterThrottlingMax\":true,\"RecoverableErrorThrottling\":true,\"RecoverableErrorThrottlingMax\":1800,\"TableErrorEscalationCount\":0,\"TableErrorEscalationPolicy\":\"STOP_TASK\",\"TableErrorPolicy\":\"SUSPEND_TABLE\"},\"FailTaskWhenCleanTaskResourceFailed\":false,\"FullLoadSettings\":{\"CommitRate\":10000,\"CreatePkAfterFullLoad\":false,\"MaxFullLoadSubTasks\":8,\"StopTaskCachedChangesApplied\":false,\"StopTaskCachedChangesNotApplied\":false,\"TargetTablePrepMode\":\"DO_NOTHING\",\"TransactionConsistencyTimeout\":600},\"Logging\":{\"EnableLogContext\":false,\"EnableLogging\":true,\"LogComponents\":[{\"Id\":\"DATA_STRUCTURE\",\"Severity\":\"LOGGER_SEVERITY_DEFAULT\"},{\"Id\":\"COMMUNICATION\",\"Severity\":\"LOGGER_SEVERITY_DEFAULT\"},{\"Id\":\"IO\",\"Severity\":\"LOGGER_SEVERITY_DEFAULT\"},{\"Id\":\"COMMON\",\"Severity\":\"LOGGER_SEVERITY_DEFAULT\"},{\"Id\":\"FILE_FACTORY\",\"Severity\":\"LOGGER_SEVERITY_DEFAULT\"},{\"Id\":\"FILE_TRANSFER\",\"Severity\":\"LOGGER_SEVERITY_DEFAULT\"},{\"Id\":\"REST_SERVER\",\"Severity\":\"LOGGER_SEVERITY_DEFAULT\"},{\"Id\":\"ADDONS\",\"Severity\":\"LOGGER_SEVERITY_DEFAULT\"},{\"Id\":\"TARGET_LOAD\",\"Severity\":\"LOGGER_SEVERITY_DEFAULT\"},{\"Id\":\"TARGET_APPLY\",\"Severity\":\"LOGGER_SEVERITY_DEFAULT\"},{\"Id\":\"SOURCE_UNLOAD\",\"Severity\":\"LOGGER_SEVERITY_DEFAULT\"},{\"Id\":\"SOURCE_CAPTURE\",\"Severity\":\"LOGGER_SEVERITY_DEFAULT\"},{\"Id\":\"TRANSFORMATION\",\"Severity\":\"LOGGER_SEVERITY_DEFAULT\"},{\"Id\":\"SORTER\",\"Severity\":\"LOGGER_SEVERITY_DEFAULT\"},{\"Id\":\"TASK_MANAGER\",\"Severity\":\"LOGGER_SEVERITY_DEFAULT\"},{\"Id\":\"TABLES_MANAGER\",\"Severity\":\"LOGGER_SEVERITY_DEFAULT\"},{\"Id\":\"METADATA_MANAGER\",\"Severity\":\"LOGGER_SEVERITY_DEFAULT\"},{\"Id\":\"PERFORMANCE\",\"Severity\":\"LOGGER_SEVERITY_DEFAULT\"},{\"Id\":\"VALIDATOR_EXT\",\"Severity\":\"LOGGER_SEVERITY_DEFAULT\"}]},\"LoopbackPreventionSettings\":null,\"PostProcessingRules\":null,\"StreamBufferSettings\":{\"CtrlStreamBufferSizeInMB\":5,\"StreamBufferCount\":3,\"StreamBufferSizeInMB\":8},\"TTSettings\":{\"EnableTT\":false,\"TTRecordSettings\":null,\"TTS3Settings\":null},\"TargetMetadata\":{\"BatchApplyEnabled\":false,\"FullLobMode\":false,\"InlineLobMaxSize\":0,\"LimitedSizeLobMode\":true,\"LoadMaxFileSize\":0,\"LobChunkSize\":64,\"LobMaxSize\":32,\"ParallelApplyBufferSize\":0,\"ParallelApplyQueuesPerThread\":0,\"ParallelApplyThreads\":0,\"ParallelLoadBufferSize\":0,\"ParallelLoadQueuesPerThread\":0,\"ParallelLoadThreads\":0,\"SupportLobs\":true,\"TargetSchema\":\"\",\"TaskRecoveryTableEnabled\":false}}",
            "source_endpoint_arn": "arn:aws:dms:sa-east-1:492208500822:endpoint:KKVXMITO5SHBC3USNQHL5XZ5OU6YEFAORKXHAZQ",
            "start_replication_task": false,
            "status": "ready",
            "table_mappings": "{\"rules\":[{\"rule-type\":\"selection\",\"rule-id\":\"1\",\"rule-name\":\"1\",\"object-locator\":{\"schema-name\":\"personValidation\",\"table-name\":\"%\"},\"rule-action\":\"include\"}]}",
            "tags": null,
            "tags_all": {},
            "target_endpoint_arn": "arn:aws:dms:sa-east-1:492208500822:endpoint:MQQUQG7JFZOUYBPY7LEDZFURPBITIQBXD6ITU2I"
          },
          "sensitive_attributes": [],
          "private": "bnVsbA==",
          "dependencies": [
            "aws_dms_endpoint.source-endpoint-personValidation",
            "aws_dms_endpoint.target-endpoint-personValidation",
            "aws_dms_replication_instance.migracao-bancos-mongo"
          ]
        }
      ]
    },
    {
      "mode": "managed",
      "type": "aws_dms_replication_task",
      "name": "task-migracao-verifyId",
      "provider": "provider[\"registry.terraform.io/hashicorp/aws\"]",
      "instances": [
        {
          "schema_version": 0,
          "attributes": {
            "cdc_start_position": "",
            "cdc_start_time": null,
            "id": "task-migracao-verifyId",
            "migration_type": "full-load-and-cdc",
            "replication_instance_arn": "arn:aws:dms:sa-east-1:492208500822:rep:5DO43I53RAMDY4OOUKMD2REWAYVM6QP2UUWGZCY",
            "replication_task_arn": "arn:aws:dms:sa-east-1:492208500822:task:RB2IIY5FKV34HLKPSZYY44KU7S57FJOD72HMJ6Y",
            "replication_task_id": "task-migracao-verifyid",
            "replication_task_settings": "{\"BeforeImageSettings\":null,\"ChangeProcessingDdlHandlingPolicy\":{\"HandleSourceTableAltered\":true,\"HandleSourceTableDropped\":true,\"HandleSourceTableTruncated\":true},\"ChangeProcessingTuning\":{\"BatchApplyMemoryLimit\":500,\"BatchApplyPreserveTransaction\":true,\"BatchApplyTimeoutMax\":30,\"BatchApplyTimeoutMin\":1,\"BatchSplitSize\":0,\"CommitTimeout\":1,\"MemoryKeepTime\":60,\"MemoryLimitTotal\":1024,\"MinTransactionSize\":1000,\"StatementCacheSize\":50},\"CharacterSetSettings\":null,\"ControlTablesSettings\":{\"ControlSchema\":\"\",\"FullLoadExceptionTableEnabled\":false,\"HistoryTableEnabled\":false,\"HistoryTimeslotInMinutes\":5,\"StatusTableEnabled\":false,\"SuspendedTablesTableEnabled\":false},\"ErrorBehavior\":{\"ApplyErrorDeletePolicy\":\"IGNORE_RECORD\",\"ApplyErrorEscalationCount\":0,\"ApplyErrorEscalationPolicy\":\"LOG_ERROR\",\"ApplyErrorFailOnTruncationDdl\":false,\"ApplyErrorInsertPolicy\":\"LOG_ERROR\",\"ApplyErrorUpdatePolicy\":\"LOG_ERROR\",\"DataErrorEscalationCount\":0,\"DataErrorEscalationPolicy\":\"SUSPEND_TABLE\",\"DataErrorPolicy\":\"LOG_ERROR\",\"DataTruncationErrorPolicy\":\"LOG_ERROR\",\"EventErrorPolicy\":\"IGNORE\",\"FailOnNoTablesCaptured\":true,\"FailOnTransactionConsistencyBreached\":false,\"FullLoadIgnoreConflicts\":true,\"RecoverableErrorCount\":-1,\"RecoverableErrorInterval\":5,\"RecoverableErrorStopRetryAfterThrottlingMax\":true,\"RecoverableErrorThrottling\":true,\"RecoverableErrorThrottlingMax\":1800,\"TableErrorEscalationCount\":0,\"TableErrorEscalationPolicy\":\"STOP_TASK\",\"TableErrorPolicy\":\"SUSPEND_TABLE\"},\"FailTaskWhenCleanTaskResourceFailed\":false,\"FullLoadSettings\":{\"CommitRate\":10000,\"CreatePkAfterFullLoad\":false,\"MaxFullLoadSubTasks\":8,\"StopTaskCachedChangesApplied\":false,\"StopTaskCachedChangesNotApplied\":false,\"TargetTablePrepMode\":\"DO_NOTHING\",\"TransactionConsistencyTimeout\":600},\"Logging\":{\"EnableLogContext\":false,\"EnableLogging\":true,\"LogComponents\":[{\"Id\":\"DATA_STRUCTURE\",\"Severity\":\"LOGGER_SEVERITY_DEFAULT\"},{\"Id\":\"COMMUNICATION\",\"Severity\":\"LOGGER_SEVERITY_DEFAULT\"},{\"Id\":\"IO\",\"Severity\":\"LOGGER_SEVERITY_DEFAULT\"},{\"Id\":\"COMMON\",\"Severity\":\"LOGGER_SEVERITY_DEFAULT\"},{\"Id\":\"FILE_FACTORY\",\"Severity\":\"LOGGER_SEVERITY_DEFAULT\"},{\"Id\":\"FILE_TRANSFER\",\"Severity\":\"LOGGER_SEVERITY_DEFAULT\"},{\"Id\":\"REST_SERVER\",\"Severity\":\"LOGGER_SEVERITY_DEFAULT\"},{\"Id\":\"ADDONS\",\"Severity\":\"LOGGER_SEVERITY_DEFAULT\"},{\"Id\":\"TARGET_LOAD\",\"Severity\":\"LOGGER_SEVERITY_DEFAULT\"},{\"Id\":\"TARGET_APPLY\",\"Severity\":\"LOGGER_SEVERITY_DEFAULT\"},{\"Id\":\"SOURCE_UNLOAD\",\"Severity\":\"LOGGER_SEVERITY_DEFAULT\"},{\"Id\":\"SOURCE_CAPTURE\",\"Severity\":\"LOGGER_SEVERITY_DEFAULT\"},{\"Id\":\"TRANSFORMATION\",\"Severity\":\"LOGGER_SEVERITY_DEFAULT\"},{\"Id\":\"SORTER\",\"Severity\":\"LOGGER_SEVERITY_DEFAULT\"},{\"Id\":\"TASK_MANAGER\",\"Severity\":\"LOGGER_SEVERITY_DEFAULT\"},{\"Id\":\"TABLES_MANAGER\",\"Severity\":\"LOGGER_SEVERITY_DEFAULT\"},{\"Id\":\"METADATA_MANAGER\",\"Severity\":\"LOGGER_SEVERITY_DEFAULT\"},{\"Id\":\"PERFORMANCE\",\"Severity\":\"LOGGER_SEVERITY_DEFAULT\"},{\"Id\":\"VALIDATOR_EXT\",\"Severity\":\"LOGGER_SEVERITY_DEFAULT\"}]},\"LoopbackPreventionSettings\":null,\"PostProcessingRules\":null,\"StreamBufferSettings\":{\"CtrlStreamBufferSizeInMB\":5,\"StreamBufferCount\":3,\"StreamBufferSizeInMB\":8},\"TTSettings\":{\"EnableTT\":false,\"TTRecordSettings\":null,\"TTS3Settings\":null},\"TargetMetadata\":{\"BatchApplyEnabled\":false,\"FullLobMode\":false,\"InlineLobMaxSize\":0,\"LimitedSizeLobMode\":true,\"LoadMaxFileSize\":0,\"LobChunkSize\":64,\"LobMaxSize\":32,\"ParallelApplyBufferSize\":0,\"ParallelApplyQueuesPerThread\":0,\"ParallelApplyThreads\":0,\"ParallelLoadBufferSize\":0,\"ParallelLoadQueuesPerThread\":0,\"ParallelLoadThreads\":0,\"SupportLobs\":true,\"TargetSchema\":\"\",\"TaskRecoveryTableEnabled\":false}}",
            "source_endpoint_arn": "arn:aws:dms:sa-east-1:492208500822:endpoint:YF5JWRGUEYVIS6TW5UQEVI6DWTLJCNH4FT2M3TA",
            "start_replication_task": false,
            "status": "ready",
            "table_mappings": "{\"rules\":[{\"rule-type\":\"selection\",\"rule-id\":\"1\",\"rule-name\":\"1\",\"object-locator\":{\"schema-name\":\"verifyId\",\"table-name\":\"%\"},\"rule-action\":\"include\"}]}",
            "tags": null,
            "tags_all": {},
            "target_endpoint_arn": "arn:aws:dms:sa-east-1:492208500822:endpoint:AYNHCIWJEI7VUMP6XUCMNKHSULVI5JJWQIHAV6Q"
          },
          "sensitive_attributes": [],
          "private": "bnVsbA==",
          "dependencies": [
            "aws_dms_endpoint.source-endpoint-verifyId",
            "aws_dms_endpoint.target-endpoint-verifyId",
            "aws_dms_replication_instance.migracao-bancos-mongo"
          ]
        }
      ]
    }
  ],
  "check_results": null
}
