{
  "version": 4,
  "terraform_version": "1.4.2",
  "serial": 7,
  "lineage": "8ea0629d-363b-751a-2905-f4dff95200a6",
  "outputs": {},
  "resources": [
    {
      "mode": "data",
      "type": "aws_ami",
      "name": "amiCluster",
      "provider": "provider[\"registry.terraform.io/hashicorp/aws\"]",
      "instances": [
        {
          "schema_version": 0,
          "attributes": {
            "architecture": "x86_64",
            "arn": "arn:aws:ec2:sa-east-1::image/ami-06fba032115251c42",
            "block_device_mappings": [
              {
                "device_name": "/dev/sda1",
                "ebs": {
                  "delete_on_termination": "true",
                  "encrypted": "true",
                  "iops": "0",
                  "snapshot_id": "snap-096203cb721e43d83",
                  "throughput": "0",
                  "volume_size": "20",
                  "volume_type": "gp2"
                },
                "no_device": "",
                "virtual_name": ""
              },
              {
                "device_name": "/dev/sdb",
                "ebs": {
                  "delete_on_termination": "true",
                  "encrypted": "true",
                  "iops": "3000",
                  "snapshot_id": "snap-09c000c60e3700aad",
                  "throughput": "125",
                  "volume_size": "10",
                  "volume_type": "gp3"
                },
                "no_device": "",
                "virtual_name": ""
              },
              {
                "device_name": "/dev/sdc",
                "ebs": {
                  "delete_on_termination": "true",
                  "encrypted": "true",
                  "iops": "3000",
                  "snapshot_id": "snap-0837fa04124990655",
                  "throughput": "125",
                  "volume_size": "100",
                  "volume_type": "gp3"
                },
                "no_device": "",
                "virtual_name": ""
              },
              {
                "device_name": "/dev/sdf",
                "ebs": {
                  "delete_on_termination": "true",
                  "encrypted": "true",
                  "iops": "0",
                  "snapshot_id": "snap-0aaf4301f29231c7b",
                  "throughput": "0",
                  "volume_size": "20",
                  "volume_type": "gp2"
                },
                "no_device": "",
                "virtual_name": ""
              }
            ],
            "boot_mode": "",
            "creation_date": "2023-03-23T21:01:02.451Z",
            "deprecation_time": "",
            "description": "",
            "ena_support": true,
            "executable_users": null,
            "filter": [
              {
                "name": "name",
                "values": [
                  "mongo-uat-a-img"
                ]
              }
            ],
            "hypervisor": "xen",
            "id": "ami-06fba032115251c42",
            "image_id": "ami-06fba032115251c42",
            "image_location": "328257591560/mongo-uat-a-img",
            "image_owner_alias": "",
            "image_type": "machine",
            "imds_support": "",
            "include_deprecated": false,
            "kernel_id": "",
            "most_recent": true,
            "name": "mongo-uat-a-img",
            "name_regex": null,
            "owner_id": "328257591560",
            "owners": null,
            "platform": "",
            "platform_details": "Red Hat Enterprise Linux",
            "product_codes": [],
            "public": false,
            "ramdisk_id": "",
            "root_device_name": "/dev/sda1",
            "root_device_type": "ebs",
            "root_snapshot_id": "snap-096203cb721e43d83",
            "sriov_net_support": "simple",
            "state": "available",
            "state_reason": {
              "code": "UNSET",
              "message": "UNSET"
            },
            "tags": {},
            "timeouts": null,
            "tpm_support": "",
            "usage_operation": "RunInstances:0010",
            "virtualization_type": "hvm"
          },
          "sensitive_attributes": []
        }
      ]
    },
    {
      "mode": "managed",
      "type": "aws_instance",
      "name": "Mongo-Server-A",
      "provider": "provider[\"registry.terraform.io/hashicorp/aws\"]",
      "instances": [
        {
          "schema_version": 1,
          "attributes": {
            "ami": "ami-06fba032115251c42",
            "arn": "arn:aws:ec2:sa-east-1:328257591560:instance/i-0a086eb593d178176",
            "associate_public_ip_address": false,
            "availability_zone": "sa-east-1a",
            "capacity_reservation_specification": [
              {
                "capacity_reservation_preference": "open",
                "capacity_reservation_target": []
              }
            ],
            "cpu_core_count": 2,
            "cpu_threads_per_core": 2,
            "credit_specification": [
              {
                "cpu_credits": "unlimited"
              }
            ],
            "disable_api_stop": false,
            "disable_api_termination": true,
            "ebs_block_device": [
              {
                "delete_on_termination": true,
                "device_name": "/dev/sdb",
                "encrypted": true,
                "iops": 3000,
                "kms_key_id": "arn:aws:kms:sa-east-1:328257591560:key/2be8f548-cc8e-4650-ab5b-b3bd89e3e069",
                "snapshot_id": "snap-09c000c60e3700aad",
                "tags": {},
                "throughput": 125,
                "volume_id": "vol-004fd1593e7743176",
                "volume_size": 10,
                "volume_type": "gp3"
              },
              {
                "delete_on_termination": true,
                "device_name": "/dev/sdc",
                "encrypted": true,
                "iops": 3000,
                "kms_key_id": "arn:aws:kms:sa-east-1:328257591560:key/2be8f548-cc8e-4650-ab5b-b3bd89e3e069",
                "snapshot_id": "snap-0837fa04124990655",
                "tags": {},
                "throughput": 125,
                "volume_id": "vol-06075a6add6e94bce",
                "volume_size": 100,
                "volume_type": "gp3"
              },
              {
                "delete_on_termination": true,
                "device_name": "/dev/sdf",
                "encrypted": true,
                "iops": 100,
                "kms_key_id": "arn:aws:kms:sa-east-1:328257591560:key/2be8f548-cc8e-4650-ab5b-b3bd89e3e069",
                "snapshot_id": "snap-0aaf4301f29231c7b",
                "tags": {},
                "throughput": 0,
                "volume_id": "vol-06ddd0d77cf74d09d",
                "volume_size": 20,
                "volume_type": "gp2"
              }
            ],
            "ebs_optimized": true,
            "enclave_options": [
              {
                "enabled": false
              }
            ],
            "ephemeral_block_device": [],
            "get_password_data": false,
            "hibernation": false,
            "host_id": "",
            "host_resource_group_arn": null,
            "iam_instance_profile": "BURoleForDigitalEC2-SSM",
            "id": "i-0a086eb593d178176",
            "instance_initiated_shutdown_behavior": "stop",
            "instance_state": "running",
            "instance_type": "t3.xlarge",
            "ipv6_address_count": 0,
            "ipv6_addresses": [],
            "key_name": "digital-2",
            "launch_template": [],
            "maintenance_options": [
              {
                "auto_recovery": "default"
              }
            ],
            "metadata_options": [
              {
                "http_endpoint": "enabled",
                "http_put_response_hop_limit": 1,
                "http_tokens": "optional",
                "instance_metadata_tags": "disabled"
              }
            ],
            "monitoring": false,
            "network_interface": [],
            "outpost_arn": "",
            "password_data": "",
            "placement_group": "",
            "placement_partition_number": 0,
            "primary_network_interface_id": "eni-0a79c36edb7ae4ae9",
            "private_dns": "ip-10-99-133-47.sa-east-1.compute.internal",
            "private_dns_name_options": [
              {
                "enable_resource_name_dns_a_record": true,
                "enable_resource_name_dns_aaaa_record": false,
                "hostname_type": "ip-name"
              }
            ],
            "private_ip": "10.99.133.47",
            "public_dns": "",
            "public_ip": "",
            "root_block_device": [
              {
                "delete_on_termination": true,
                "device_name": "/dev/sda1",
                "encrypted": true,
                "iops": 100,
                "kms_key_id": "arn:aws:kms:sa-east-1:328257591560:key/2be8f548-cc8e-4650-ab5b-b3bd89e3e069",
                "tags": {},
                "throughput": 0,
                "volume_id": "vol-0d5655e7eed3e83f0",
                "volume_size": 20,
                "volume_type": "gp2"
              }
            ],
            "secondary_private_ips": [],
            "security_groups": [],
            "source_dest_check": true,
            "subnet_id": "subnet-0b98c95db550ce9d9",
            "tags": {
              "Ambiente": "UAT",
              "Backup": "False",
              "CWAgentInstall": "True",
              "CWRetentionDays": "30",
              "Description": "BRASA1UDBUES07 (digital-uat)",
              "Name": "mongodb-digital-uat-a",
              "ResourceAppRole": "Db",
              "ResourceBusinessUnit": "Brazil Digital Paas",
              "ResourceCostCenter": "1800.BR.134.502527",
              "ResourceName": "brasa1udbues07.br.experian.eeca1",
              "ResourceOwner": "devsecopsdigitalpaas@br.experian.com",
              "bu": "Digital"
            },
            "tags_all": {
              "Ambiente": "UAT",
              "Backup": "False",
              "CWAgentInstall": "True",
              "CWRetentionDays": "30",
              "Description": "BRASA1UDBUES07 (digital-uat)",
              "Name": "mongodb-digital-uat-a",
              "ResourceAppRole": "Db",
              "ResourceBusinessUnit": "Brazil Digital Paas",
              "ResourceCostCenter": "1800.BR.134.502527",
              "ResourceName": "brasa1udbues07.br.experian.eeca1",
              "ResourceOwner": "devsecopsdigitalpaas@br.experian.com",
              "bu": "Digital"
            },
            "tenancy": "default",
            "timeouts": null,
            "user_data": null,
            "user_data_base64": null,
            "user_data_replace_on_change": false,
            "volume_tags": null,
            "vpc_security_group_ids": [
              "sg-0d2655c4bf3a7bb14",
              "sg-0ef01e3210d87dffb"
            ]
          },
          "sensitive_attributes": [],
          "private": "eyJlMmJmYjczMC1lY2FhLTExZTYtOGY4OC0zNDM2M2JjN2M0YzAiOnsiY3JlYXRlIjo2MDAwMDAwMDAwMDAsImRlbGV0ZSI6MTIwMDAwMDAwMDAwMCwidXBkYXRlIjo2MDAwMDAwMDAwMDB9LCJzY2hlbWFfdmVyc2lvbiI6IjEifQ==",
          "dependencies": [
            "data.aws_ami.amiCluster"
          ]
        }
      ]
    },
    {
      "mode": "managed",
      "type": "aws_instance",
      "name": "Mongo-Server-B",
      "provider": "provider[\"registry.terraform.io/hashicorp/aws\"]",
      "instances": [
        {
          "schema_version": 1,
          "attributes": {
            "ami": "ami-0b54d97016015afc1",
            "arn": "arn:aws:ec2:sa-east-1:328257591560:instance/i-033b9946cb711499b",
            "associate_public_ip_address": false,
            "availability_zone": "sa-east-1b",
            "capacity_reservation_specification": [
              {
                "capacity_reservation_preference": "open",
                "capacity_reservation_target": []
              }
            ],
            "cpu_core_count": 2,
            "cpu_threads_per_core": 2,
            "credit_specification": [
              {
                "cpu_credits": "unlimited"
              }
            ],
            "disable_api_stop": false,
            "disable_api_termination": true,
            "ebs_block_device": [
              {
                "delete_on_termination": true,
                "device_name": "/dev/sdb",
                "encrypted": true,
                "iops": 3000,
                "kms_key_id": "arn:aws:kms:sa-east-1:328257591560:key/2be8f548-cc8e-4650-ab5b-b3bd89e3e069",
                "snapshot_id": "snap-0f91451452d2277ad",
                "tags": {},
                "throughput": 125,
                "volume_id": "vol-0b5631582fe162860",
                "volume_size": 10,
                "volume_type": "gp3"
              },
              {
                "delete_on_termination": true,
                "device_name": "/dev/sdc",
                "encrypted": true,
                "iops": 3000,
                "kms_key_id": "arn:aws:kms:sa-east-1:328257591560:key/2be8f548-cc8e-4650-ab5b-b3bd89e3e069",
                "snapshot_id": "snap-0d1e4428c1c1ec988",
                "tags": {},
                "throughput": 125,
                "volume_id": "vol-0359fdd4d40a7102e",
                "volume_size": 100,
                "volume_type": "gp3"
              },
              {
                "delete_on_termination": true,
                "device_name": "/dev/sdf",
                "encrypted": true,
                "iops": 100,
                "kms_key_id": "arn:aws:kms:sa-east-1:328257591560:key/2be8f548-cc8e-4650-ab5b-b3bd89e3e069",
                "snapshot_id": "snap-0930f068d910a44ff",
                "tags": {},
                "throughput": 0,
                "volume_id": "vol-0ff485fd349142b25",
                "volume_size": 20,
                "volume_type": "gp2"
              }
            ],
            "ebs_optimized": true,
            "enclave_options": [
              {
                "enabled": false
              }
            ],
            "ephemeral_block_device": [],
            "get_password_data": false,
            "hibernation": false,
            "host_id": "",
            "host_resource_group_arn": null,
            "iam_instance_profile": "BURoleForDigitalEC2-SSM",
            "id": "i-033b9946cb711499b",
            "instance_initiated_shutdown_behavior": "stop",
            "instance_state": "running",
            "instance_type": "t3.xlarge",
            "ipv6_address_count": 0,
            "ipv6_addresses": [],
            "key_name": "digital-2",
            "launch_template": [],
            "maintenance_options": [
              {
                "auto_recovery": "default"
              }
            ],
            "metadata_options": [
              {
                "http_endpoint": "enabled",
                "http_put_response_hop_limit": 1,
                "http_tokens": "optional",
                "instance_metadata_tags": "disabled"
              }
            ],
            "monitoring": false,
            "network_interface": [],
            "outpost_arn": "",
            "password_data": "",
            "placement_group": "",
            "placement_partition_number": 0,
            "primary_network_interface_id": "eni-0e31d4313a153da6c",
            "private_dns": "ip-10-99-133-91.sa-east-1.compute.internal",
            "private_dns_name_options": [
              {
                "enable_resource_name_dns_a_record": true,
                "enable_resource_name_dns_aaaa_record": false,
                "hostname_type": "ip-name"
              }
            ],
            "private_ip": "10.99.133.91",
            "public_dns": "",
            "public_ip": "",
            "root_block_device": [
              {
                "delete_on_termination": true,
                "device_name": "/dev/sda1",
                "encrypted": true,
                "iops": 100,
                "kms_key_id": "arn:aws:kms:sa-east-1:328257591560:key/2be8f548-cc8e-4650-ab5b-b3bd89e3e069",
                "tags": {},
                "throughput": 0,
                "volume_id": "vol-04a6362e1fa09dc7b",
                "volume_size": 20,
                "volume_type": "gp2"
              }
            ],
            "secondary_private_ips": [],
            "security_groups": [],
            "source_dest_check": true,
            "subnet_id": "subnet-0bc91637c41307d1e",
            "tags": {
              "Ambiente": "UAT",
              "Backup": "False",
              "CWAgentInstall": "True",
              "CWRetentionDays": "30",
              "Description": "BRASA1UDBUES08 (digital-uat)",
              "Name": "mongodb-digital-uat-b",
              "ResourceAppRole": "Db",
              "ResourceBusinessUnit": "Brazil Digital Paas",
              "ResourceCostCenter": "1800.BR.134.502527",
              "ResourceName": "brasa1udbues08.br.experian.eeca1",
              "ResourceOwner": "devsecopsdigitalpaas@br.experian.com",
              "bu": "Digital"
            },
            "tags_all": {
              "Ambiente": "UAT",
              "Backup": "False",
              "CWAgentInstall": "True",
              "CWRetentionDays": "30",
              "Description": "BRASA1UDBUES08 (digital-uat)",
              "Name": "mongodb-digital-uat-b",
              "ResourceAppRole": "Db",
              "ResourceBusinessUnit": "Brazil Digital Paas",
              "ResourceCostCenter": "1800.BR.134.502527",
              "ResourceName": "brasa1udbues08.br.experian.eeca1",
              "ResourceOwner": "devsecopsdigitalpaas@br.experian.com",
              "bu": "Digital"
            },
            "tenancy": "default",
            "timeouts": null,
            "user_data": null,
            "user_data_base64": null,
            "user_data_replace_on_change": false,
            "volume_tags": null,
            "vpc_security_group_ids": [
              "sg-0d2655c4bf3a7bb14",
              "sg-0ef01e3210d87dffb"
            ]
          },
          "sensitive_attributes": [],
          "private": "eyJlMmJmYjczMC1lY2FhLTExZTYtOGY4OC0zNDM2M2JjN2M0YzAiOnsiY3JlYXRlIjo2MDAwMDAwMDAwMDAsImRlbGV0ZSI6MTIwMDAwMDAwMDAwMCwidXBkYXRlIjo2MDAwMDAwMDAwMDB9LCJzY2hlbWFfdmVyc2lvbiI6IjEifQ=="
        }
      ]
    },
    {
      "mode": "managed",
      "type": "aws_instance",
      "name": "Mongo-Server-C",
      "provider": "provider[\"registry.terraform.io/hashicorp/aws\"]",
      "instances": [
        {
          "schema_version": 1,
          "attributes": {
            "ami": "ami-0b54d97016015afc1",
            "arn": "arn:aws:ec2:sa-east-1:328257591560:instance/i-0a6c284bc46b400a2",
            "associate_public_ip_address": false,
            "availability_zone": "sa-east-1c",
            "capacity_reservation_specification": [
              {
                "capacity_reservation_preference": "open",
                "capacity_reservation_target": []
              }
            ],
            "cpu_core_count": 2,
            "cpu_threads_per_core": 2,
            "credit_specification": [
              {
                "cpu_credits": "unlimited"
              }
            ],
            "disable_api_stop": false,
            "disable_api_termination": true,
            "ebs_block_device": [
              {
                "delete_on_termination": true,
                "device_name": "/dev/sdb",
                "encrypted": true,
                "iops": 3000,
                "kms_key_id": "arn:aws:kms:sa-east-1:328257591560:key/2be8f548-cc8e-4650-ab5b-b3bd89e3e069",
                "snapshot_id": "snap-0f91451452d2277ad",
                "tags": {},
                "throughput": 125,
                "volume_id": "vol-06a57d0f31f82ce62",
                "volume_size": 10,
                "volume_type": "gp3"
              },
              {
                "delete_on_termination": true,
                "device_name": "/dev/sdc",
                "encrypted": true,
                "iops": 3000,
                "kms_key_id": "arn:aws:kms:sa-east-1:328257591560:key/2be8f548-cc8e-4650-ab5b-b3bd89e3e069",
                "snapshot_id": "snap-0d1e4428c1c1ec988",
                "tags": {},
                "throughput": 125,
                "volume_id": "vol-0c876303525977c6c",
                "volume_size": 100,
                "volume_type": "gp3"
              },
              {
                "delete_on_termination": true,
                "device_name": "/dev/sdf",
                "encrypted": true,
                "iops": 100,
                "kms_key_id": "arn:aws:kms:sa-east-1:328257591560:key/2be8f548-cc8e-4650-ab5b-b3bd89e3e069",
                "snapshot_id": "snap-0930f068d910a44ff",
                "tags": {},
                "throughput": 0,
                "volume_id": "vol-0871880df587301e0",
                "volume_size": 20,
                "volume_type": "gp2"
              }
            ],
            "ebs_optimized": true,
            "enclave_options": [
              {
                "enabled": false
              }
            ],
            "ephemeral_block_device": [],
            "get_password_data": false,
            "hibernation": false,
            "host_id": "",
            "host_resource_group_arn": null,
            "iam_instance_profile": "BURoleForDigitalEC2-SSM",
            "id": "i-0a6c284bc46b400a2",
            "instance_initiated_shutdown_behavior": "stop",
            "instance_state": "running",
            "instance_type": "t3.xlarge",
            "ipv6_address_count": 0,
            "ipv6_addresses": [],
            "key_name": "digital-2",
            "launch_template": [],
            "maintenance_options": [
              {
                "auto_recovery": "default"
              }
            ],
            "metadata_options": [
              {
                "http_endpoint": "enabled",
                "http_put_response_hop_limit": 1,
                "http_tokens": "optional",
                "instance_metadata_tags": "disabled"
              }
            ],
            "monitoring": false,
            "network_interface": [],
            "outpost_arn": "",
            "password_data": "",
            "placement_group": "",
            "placement_partition_number": 0,
            "primary_network_interface_id": "eni-0f5d0273ebb191cec",
            "private_dns": "ip-10-99-133-174.sa-east-1.compute.internal",
            "private_dns_name_options": [
              {
                "enable_resource_name_dns_a_record": true,
                "enable_resource_name_dns_aaaa_record": false,
                "hostname_type": "ip-name"
              }
            ],
            "private_ip": "10.99.133.174",
            "public_dns": "",
            "public_ip": "",
            "root_block_device": [
              {
                "delete_on_termination": true,
                "device_name": "/dev/sda1",
                "encrypted": true,
                "iops": 100,
                "kms_key_id": "arn:aws:kms:sa-east-1:328257591560:key/2be8f548-cc8e-4650-ab5b-b3bd89e3e069",
                "tags": {},
                "throughput": 0,
                "volume_id": "vol-0d7d20d545710f938",
                "volume_size": 20,
                "volume_type": "gp2"
              }
            ],
            "secondary_private_ips": [],
            "security_groups": [],
            "source_dest_check": true,
            "subnet_id": "subnet-033160ee36b4f778f",
            "tags": {
              "Ambiente": "UAT",
              "Backup": "False",
              "CWAgentInstall": "True",
              "CWRetentionDays": "30",
              "Description": "BRASA1UDBUES09 (digital-uat)",
              "Name": "mongodb-digital-uat-c",
              "ResourceAppRole": "Db",
              "ResourceBusinessUnit": "Brazil Digital Paas",
              "ResourceCostCenter": "1800.BR.134.502527",
              "ResourceName": "brasa1udbues09.br.experian.eeca1",
              "ResourceOwner": "devsecopsdigitalpaas@br.experian.com",
              "bu": "Digital"
            },
            "tags_all": {
              "Ambiente": "UAT",
              "Backup": "False",
              "CWAgentInstall": "True",
              "CWRetentionDays": "30",
              "Description": "BRASA1UDBUES09 (digital-uat)",
              "Name": "mongodb-digital-uat-c",
              "ResourceAppRole": "Db",
              "ResourceBusinessUnit": "Brazil Digital Paas",
              "ResourceCostCenter": "1800.BR.134.502527",
              "ResourceName": "brasa1udbues09.br.experian.eeca1",
              "ResourceOwner": "devsecopsdigitalpaas@br.experian.com",
              "bu": "Digital"
            },
            "tenancy": "default",
            "timeouts": null,
            "user_data": null,
            "user_data_base64": null,
            "user_data_replace_on_change": false,
            "volume_tags": null,
            "vpc_security_group_ids": [
              "sg-0d2655c4bf3a7bb14",
              "sg-0ef01e3210d87dffb"
            ]
          },
          "sensitive_attributes": [],
          "private": "eyJlMmJmYjczMC1lY2FhLTExZTYtOGY4OC0zNDM2M2JjN2M0YzAiOnsiY3JlYXRlIjo2MDAwMDAwMDAwMDAsImRlbGV0ZSI6MTIwMDAwMDAwMDAwMCwidXBkYXRlIjo2MDAwMDAwMDAwMDB9LCJzY2hlbWFfdmVyc2lvbiI6IjEifQ=="
        }
      ]
    }
  ],
  "check_results": null
}
