{
  "version": 4,
  "terraform_version": "1.4.2",
  "serial": 4,
  "lineage": "666d9a9a-1456-c5f7-e921-c17ada971819",
  "outputs": {
    "AmiIDNumber": {
      "value": "ami-0b97ada35a6e649c0",
      "type": "string"
    }
  },
  "resources": [
    {
      "mode": "data",
      "type": "aws_ami",
      "name": "amiCluster",
      "provider": "provider[\"registry.terraform.io/hashicorp/aws\"]",
      "instances": [
        {
          "schema_version": 0,
          "attributes": {
            "architecture": "x86_64",
            "arn": "arn:aws:ec2:sa-east-1::image/ami-0b97ada35a6e649c0",
            "block_device_mappings": [
              {
                "device_name": "/dev/sda1",
                "ebs": {
                  "delete_on_termination": "true",
                  "encrypted": "true",
                  "iops": "0",
                  "snapshot_id": "snap-026f663f2c41fe926",
                  "throughput": "0",
                  "volume_size": "20",
                  "volume_type": "gp2"
                },
                "no_device": "",
                "virtual_name": ""
              },
              {
                "device_name": "/dev/sdb",
                "ebs": {
                  "delete_on_termination": "true",
                  "encrypted": "true",
                  "iops": "3000",
                  "snapshot_id": "snap-0877373871cd941cb",
                  "throughput": "125",
                  "volume_size": "10",
                  "volume_type": "gp3"
                },
                "no_device": "",
                "virtual_name": ""
              },
              {
                "device_name": "/dev/sdc",
                "ebs": {
                  "delete_on_termination": "true",
                  "encrypted": "true",
                  "iops": "3000",
                  "snapshot_id": "snap-000bfb853258466d6",
                  "throughput": "125",
                  "volume_size": "100",
                  "volume_type": "gp3"
                },
                "no_device": "",
                "virtual_name": ""
              },
              {
                "device_name": "/dev/sdf",
                "ebs": {
                  "delete_on_termination": "true",
                  "encrypted": "true",
                  "iops": "0",
                  "snapshot_id": "snap-0192e4ee671592b32",
                  "throughput": "0",
                  "volume_size": "20",
                  "volume_type": "gp2"
                },
                "no_device": "",
                "virtual_name": ""
              }
            ],
            "boot_mode": "",
            "creation_date": "2023-04-05T21:02:14.261Z",
            "deprecation_time": "",
            "description": "",
            "ena_support": true,
            "executable_users": null,
            "filter": [
              {
                "name": "name",
                "values": [
                  "ami-base-mongo-rhel8-2023-04-05"
                ]
              }
            ],
            "hypervisor": "xen",
            "id": "ami-0b97ada35a6e649c0",
            "image_id": "ami-0b97ada35a6e649c0",
            "image_location": "328257591560/ami-base-mongo-rhel8-2023-04-05",
            "image_owner_alias": "",
            "image_type": "machine",
            "imds_support": "",
            "include_deprecated": false,
            "kernel_id": "",
            "most_recent": true,
            "name": "ami-base-mongo-rhel8-2023-04-05",
            "name_regex": null,
            "owner_id": "328257591560",
            "owners": null,
            "platform": "",
            "platform_details": "Red Hat Enterprise Linux",
            "product_codes": [],
            "public": false,
            "ramdisk_id": "",
            "root_device_name": "/dev/sda1",
            "root_device_type": "ebs",
            "root_snapshot_id": "snap-026f663f2c41fe926",
            "sriov_net_support": "simple",
            "state": "available",
            "state_reason": {
              "code": "UNSET",
              "message": "UNSET"
            },
            "tags": {},
            "timeouts": null,
            "tpm_support": "",
            "usage_operation": "RunInstances:0010",
            "virtualization_type": "hvm"
          },
          "sensitive_attributes": []
        }
      ]
    },
    {
      "mode": "managed",
      "type": "aws_instance",
      "name": "Mongo-Server-A",
      "provider": "provider[\"registry.terraform.io/hashicorp/aws\"]",
      "instances": [
        {
          "schema_version": 1,
          "attributes": {
            "ami": "ami-0b97ada35a6e649c0",
            "arn": "arn:aws:ec2:sa-east-1:328257591560:instance/i-0625c591926220106",
            "associate_public_ip_address": false,
            "availability_zone": "sa-east-1a",
            "capacity_reservation_specification": [
              {
                "capacity_reservation_preference": "open",
                "capacity_reservation_target": []
              }
            ],
            "cpu_core_count": 2,
            "cpu_threads_per_core": 2,
            "credit_specification": [
              {
                "cpu_credits": "unlimited"
              }
            ],
            "disable_api_stop": false,
            "disable_api_termination": false,
            "ebs_block_device": [
              {
                "delete_on_termination": true,
                "device_name": "/dev/sdb",
                "encrypted": true,
                "iops": 3000,
                "kms_key_id": "arn:aws:kms:sa-east-1:328257591560:key/2be8f548-cc8e-4650-ab5b-b3bd89e3e069",
                "snapshot_id": "snap-0877373871cd941cb",
                "tags": {},
                "throughput": 125,
                "volume_id": "vol-016e6555d836bb8de",
                "volume_size": 10,
                "volume_type": "gp3"
              },
              {
                "delete_on_termination": true,
                "device_name": "/dev/sdc",
                "encrypted": true,
                "iops": 3000,
                "kms_key_id": "arn:aws:kms:sa-east-1:328257591560:key/2be8f548-cc8e-4650-ab5b-b3bd89e3e069",
                "snapshot_id": "snap-000bfb853258466d6",
                "tags": {},
                "throughput": 125,
                "volume_id": "vol-0e54a021f5b292e1b",
                "volume_size": 100,
                "volume_type": "gp3"
              },
              {
                "delete_on_termination": true,
                "device_name": "/dev/sdf",
                "encrypted": true,
                "iops": 100,
                "kms_key_id": "arn:aws:kms:sa-east-1:328257591560:key/2be8f548-cc8e-4650-ab5b-b3bd89e3e069",
                "snapshot_id": "snap-0192e4ee671592b32",
                "tags": {},
                "throughput": 0,
                "volume_id": "vol-0faa95df02ec3d820",
                "volume_size": 20,
                "volume_type": "gp2"
              }
            ],
            "ebs_optimized": false,
            "enclave_options": [
              {
                "enabled": false
              }
            ],
            "ephemeral_block_device": [],
            "get_password_data": false,
            "hibernation": false,
            "host_id": "",
            "host_resource_group_arn": null,
            "iam_instance_profile": "BURoleForDigitalEC2-SSM",
            "id": "i-0625c591926220106",
            "instance_initiated_shutdown_behavior": "stop",
            "instance_state": "running",
            "instance_type": "t3.xlarge",
            "ipv6_address_count": 0,
            "ipv6_addresses": [],
            "key_name": "digital-2",
            "launch_template": [],
            "maintenance_options": [
              {
                "auto_recovery": "default"
              }
            ],
            "metadata_options": [
              {
                "http_endpoint": "enabled",
                "http_put_response_hop_limit": 1,
                "http_tokens": "optional",
                "instance_metadata_tags": "disabled"
              }
            ],
            "monitoring": false,
            "network_interface": [],
            "outpost_arn": "",
            "password_data": "",
            "placement_group": "",
            "placement_partition_number": 0,
            "primary_network_interface_id": "eni-0f74db88c44661511",
            "private_dns": "ip-10-99-133-26.sa-east-1.compute.internal",
            "private_dns_name_options": [
              {
                "enable_resource_name_dns_a_record": false,
                "enable_resource_name_dns_aaaa_record": false,
                "hostname_type": "ip-name"
              }
            ],
            "private_ip": "10.99.133.26",
            "public_dns": "",
            "public_ip": "",
            "root_block_device": [
              {
                "delete_on_termination": true,
                "device_name": "/dev/sda1",
                "encrypted": true,
                "iops": 100,
                "kms_key_id": "arn:aws:kms:sa-east-1:328257591560:key/2be8f548-cc8e-4650-ab5b-b3bd89e3e069",
                "tags": {},
                "throughput": 0,
                "volume_id": "vol-0dc76448e6dfdf9e7",
                "volume_size": 20,
                "volume_type": "gp2"
              }
            ],
            "secondary_private_ips": [],
            "security_groups": [],
            "source_dest_check": true,
            "subnet_id": "subnet-0b98c95db550ce9d9",
            "tags": {
              "Ambiente": "PROD",
              "Backup": "False",
              "CWAgentInstall": "True",
              "CWRetentionDays": "30",
              "Description": "BRASA1PDBUES13 (digital-commerce-services)",
              "Name": "mongodb-digital-commerce-services-a",
              "ResourceAppRole": "Db",
              "ResourceBusinessUnit": "Brazil Digital Paas",
              "ResourceCostCenter": "1800.BR.134.502527",
              "ResourceName": "brasa1pdbues13.br.experian.eeca1",
              "ResourceOwner": "devsecopsdigitalpaas@br.experian.com",
              "bu": "Digital"
            },
            "tags_all": {
              "Ambiente": "PROD",
              "Backup": "False",
              "CWAgentInstall": "True",
              "CWRetentionDays": "30",
              "Description": "BRASA1PDBUES13 (digital-commerce-services)",
              "Name": "mongodb-digital-commerce-services-a",
              "ResourceAppRole": "Db",
              "ResourceBusinessUnit": "Brazil Digital Paas",
              "ResourceCostCenter": "1800.BR.134.502527",
              "ResourceName": "brasa1pdbues13.br.experian.eeca1",
              "ResourceOwner": "devsecopsdigitalpaas@br.experian.com",
              "bu": "Digital"
            },
            "tenancy": "default",
            "timeouts": null,
            "user_data": null,
            "user_data_base64": null,
            "user_data_replace_on_change": false,
            "volume_tags": null,
            "vpc_security_group_ids": [
              "sg-0d2655c4bf3a7bb14",
              "sg-0ef01e3210d87dffb"
            ]
          },
          "sensitive_attributes": [],
          "private": "eyJlMmJmYjczMC1lY2FhLTExZTYtOGY4OC0zNDM2M2JjN2M0YzAiOnsiY3JlYXRlIjo2MDAwMDAwMDAwMDAsImRlbGV0ZSI6MTIwMDAwMDAwMDAwMCwidXBkYXRlIjo2MDAwMDAwMDAwMDB9LCJzY2hlbWFfdmVyc2lvbiI6IjEifQ==",
          "dependencies": [
            "data.aws_ami.amiCluster"
          ]
        }
      ]
    },
    {
      "mode": "managed",
      "type": "aws_instance",
      "name": "Mongo-Server-B",
      "provider": "provider[\"registry.terraform.io/hashicorp/aws\"]",
      "instances": [
        {
          "schema_version": 1,
          "attributes": {
            "ami": "ami-0b97ada35a6e649c0",
            "arn": "arn:aws:ec2:sa-east-1:328257591560:instance/i-0758139453749b37c",
            "associate_public_ip_address": false,
            "availability_zone": "sa-east-1b",
            "capacity_reservation_specification": [
              {
                "capacity_reservation_preference": "open",
                "capacity_reservation_target": []
              }
            ],
            "cpu_core_count": 2,
            "cpu_threads_per_core": 2,
            "credit_specification": [
              {
                "cpu_credits": "unlimited"
              }
            ],
            "disable_api_stop": false,
            "disable_api_termination": false,
            "ebs_block_device": [
              {
                "delete_on_termination": true,
                "device_name": "/dev/sdb",
                "encrypted": true,
                "iops": 3000,
                "kms_key_id": "arn:aws:kms:sa-east-1:328257591560:key/2be8f548-cc8e-4650-ab5b-b3bd89e3e069",
                "snapshot_id": "snap-0877373871cd941cb",
                "tags": {},
                "throughput": 125,
                "volume_id": "vol-0b8a05a10b547c33c",
                "volume_size": 10,
                "volume_type": "gp3"
              },
              {
                "delete_on_termination": true,
                "device_name": "/dev/sdc",
                "encrypted": true,
                "iops": 3000,
                "kms_key_id": "arn:aws:kms:sa-east-1:328257591560:key/2be8f548-cc8e-4650-ab5b-b3bd89e3e069",
                "snapshot_id": "snap-000bfb853258466d6",
                "tags": {},
                "throughput": 125,
                "volume_id": "vol-044f6f932ab7f7850",
                "volume_size": 100,
                "volume_type": "gp3"
              },
              {
                "delete_on_termination": true,
                "device_name": "/dev/sdf",
                "encrypted": true,
                "iops": 100,
                "kms_key_id": "arn:aws:kms:sa-east-1:328257591560:key/2be8f548-cc8e-4650-ab5b-b3bd89e3e069",
                "snapshot_id": "snap-0192e4ee671592b32",
                "tags": {},
                "throughput": 0,
                "volume_id": "vol-07623d923f52e2baa",
                "volume_size": 20,
                "volume_type": "gp2"
              }
            ],
            "ebs_optimized": false,
            "enclave_options": [
              {
                "enabled": false
              }
            ],
            "ephemeral_block_device": [],
            "get_password_data": false,
            "hibernation": false,
            "host_id": "",
            "host_resource_group_arn": null,
            "iam_instance_profile": "BURoleForDigitalEC2-SSM",
            "id": "i-0758139453749b37c",
            "instance_initiated_shutdown_behavior": "stop",
            "instance_state": "running",
            "instance_type": "t3.xlarge",
            "ipv6_address_count": 0,
            "ipv6_addresses": [],
            "key_name": "digital-2",
            "launch_template": [],
            "maintenance_options": [
              {
                "auto_recovery": "default"
              }
            ],
            "metadata_options": [
              {
                "http_endpoint": "enabled",
                "http_put_response_hop_limit": 1,
                "http_tokens": "optional",
                "instance_metadata_tags": "disabled"
              }
            ],
            "monitoring": false,
            "network_interface": [],
            "outpost_arn": "",
            "password_data": "",
            "placement_group": "",
            "placement_partition_number": 0,
            "primary_network_interface_id": "eni-0a0aa0ed5dd7af0ca",
            "private_dns": "ip-10-99-133-84.sa-east-1.compute.internal",
            "private_dns_name_options": [
              {
                "enable_resource_name_dns_a_record": false,
                "enable_resource_name_dns_aaaa_record": false,
                "hostname_type": "ip-name"
              }
            ],
            "private_ip": "10.99.133.84",
            "public_dns": "",
            "public_ip": "",
            "root_block_device": [
              {
                "delete_on_termination": true,
                "device_name": "/dev/sda1",
                "encrypted": true,
                "iops": 100,
                "kms_key_id": "arn:aws:kms:sa-east-1:328257591560:key/2be8f548-cc8e-4650-ab5b-b3bd89e3e069",
                "tags": {},
                "throughput": 0,
                "volume_id": "vol-08d4eab5514e6a4be",
                "volume_size": 20,
                "volume_type": "gp2"
              }
            ],
            "secondary_private_ips": [],
            "security_groups": [],
            "source_dest_check": true,
            "subnet_id": "subnet-0bc91637c41307d1e",
            "tags": {
              "Ambiente": "PROD",
              "Backup": "False",
              "CWAgentInstall": "True",
              "CWRetentionDays": "30",
              "Description": "BRASA1PDBUES14 (digital-commerce-services)",
              "Name": "mongodb-digital-commerce-services-b",
              "ResourceAppRole": "Db",
              "ResourceBusinessUnit": "Brazil Digital Paas",
              "ResourceCostCenter": "1800.BR.134.502527",
              "ResourceName": "brasa1pdbues14.br.experian.eeca1",
              "ResourceOwner": "devsecopsdigitalpaas@br.experian.com",
              "bu": "Digital"
            },
            "tags_all": {
              "Ambiente": "PROD",
              "Backup": "False",
              "CWAgentInstall": "True",
              "CWRetentionDays": "30",
              "Description": "BRASA1PDBUES14 (digital-commerce-services)",
              "Name": "mongodb-digital-commerce-services-b",
              "ResourceAppRole": "Db",
              "ResourceBusinessUnit": "Brazil Digital Paas",
              "ResourceCostCenter": "1800.BR.134.502527",
              "ResourceName": "brasa1pdbues14.br.experian.eeca1",
              "ResourceOwner": "devsecopsdigitalpaas@br.experian.com",
              "bu": "Digital"
            },
            "tenancy": "default",
            "timeouts": null,
            "user_data": null,
            "user_data_base64": null,
            "user_data_replace_on_change": false,
            "volume_tags": null,
            "vpc_security_group_ids": [
              "sg-0d2655c4bf3a7bb14",
              "sg-0ef01e3210d87dffb"
            ]
          },
          "sensitive_attributes": [],
          "private": "eyJlMmJmYjczMC1lY2FhLTExZTYtOGY4OC0zNDM2M2JjN2M0YzAiOnsiY3JlYXRlIjo2MDAwMDAwMDAwMDAsImRlbGV0ZSI6MTIwMDAwMDAwMDAwMCwidXBkYXRlIjo2MDAwMDAwMDAwMDB9LCJzY2hlbWFfdmVyc2lvbiI6IjEifQ==",
          "dependencies": [
            "data.aws_ami.amiCluster"
          ]
        }
      ]
    },
    {
      "mode": "managed",
      "type": "aws_instance",
      "name": "Mongo-Server-C",
      "provider": "provider[\"registry.terraform.io/hashicorp/aws\"]",
      "instances": [
        {
          "schema_version": 1,
          "attributes": {
            "ami": "ami-0b97ada35a6e649c0",
            "arn": "arn:aws:ec2:sa-east-1:328257591560:instance/i-08d2476f8df840f86",
            "associate_public_ip_address": false,
            "availability_zone": "sa-east-1c",
            "capacity_reservation_specification": [
              {
                "capacity_reservation_preference": "open",
                "capacity_reservation_target": []
              }
            ],
            "cpu_core_count": 2,
            "cpu_threads_per_core": 2,
            "credit_specification": [
              {
                "cpu_credits": "unlimited"
              }
            ],
            "disable_api_stop": false,
            "disable_api_termination": false,
            "ebs_block_device": [
              {
                "delete_on_termination": true,
                "device_name": "/dev/sdb",
                "encrypted": true,
                "iops": 3000,
                "kms_key_id": "arn:aws:kms:sa-east-1:328257591560:key/2be8f548-cc8e-4650-ab5b-b3bd89e3e069",
                "snapshot_id": "snap-0877373871cd941cb",
                "tags": {},
                "throughput": 125,
                "volume_id": "vol-0f130465312481054",
                "volume_size": 10,
                "volume_type": "gp3"
              },
              {
                "delete_on_termination": true,
                "device_name": "/dev/sdc",
                "encrypted": true,
                "iops": 3000,
                "kms_key_id": "arn:aws:kms:sa-east-1:328257591560:key/2be8f548-cc8e-4650-ab5b-b3bd89e3e069",
                "snapshot_id": "snap-000bfb853258466d6",
                "tags": {},
                "throughput": 125,
                "volume_id": "vol-06ffb5a232ed9c460",
                "volume_size": 100,
                "volume_type": "gp3"
              },
              {
                "delete_on_termination": true,
                "device_name": "/dev/sdf",
                "encrypted": true,
                "iops": 100,
                "kms_key_id": "arn:aws:kms:sa-east-1:328257591560:key/2be8f548-cc8e-4650-ab5b-b3bd89e3e069",
                "snapshot_id": "snap-0192e4ee671592b32",
                "tags": {},
                "throughput": 0,
                "volume_id": "vol-050d17bbf4547eda0",
                "volume_size": 20,
                "volume_type": "gp2"
              }
            ],
            "ebs_optimized": false,
            "enclave_options": [
              {
                "enabled": false
              }
            ],
            "ephemeral_block_device": [],
            "get_password_data": false,
            "hibernation": false,
            "host_id": "",
            "host_resource_group_arn": null,
            "iam_instance_profile": "BURoleForDigitalEC2-SSM",
            "id": "i-08d2476f8df840f86",
            "instance_initiated_shutdown_behavior": "stop",
            "instance_state": "running",
            "instance_type": "t3.xlarge",
            "ipv6_address_count": 0,
            "ipv6_addresses": [],
            "key_name": "digital-2",
            "launch_template": [],
            "maintenance_options": [
              {
                "auto_recovery": "default"
              }
            ],
            "metadata_options": [
              {
                "http_endpoint": "enabled",
                "http_put_response_hop_limit": 1,
                "http_tokens": "optional",
                "instance_metadata_tags": "disabled"
              }
            ],
            "monitoring": false,
            "network_interface": [],
            "outpost_arn": "",
            "password_data": "",
            "placement_group": "",
            "placement_partition_number": 0,
            "primary_network_interface_id": "eni-026e2c6d37996032c",
            "private_dns": "ip-10-99-133-163.sa-east-1.compute.internal",
            "private_dns_name_options": [
              {
                "enable_resource_name_dns_a_record": false,
                "enable_resource_name_dns_aaaa_record": false,
                "hostname_type": "ip-name"
              }
            ],
            "private_ip": "10.99.133.163",
            "public_dns": "",
            "public_ip": "",
            "root_block_device": [
              {
                "delete_on_termination": true,
                "device_name": "/dev/sda1",
                "encrypted": true,
                "iops": 100,
                "kms_key_id": "arn:aws:kms:sa-east-1:328257591560:key/2be8f548-cc8e-4650-ab5b-b3bd89e3e069",
                "tags": {},
                "throughput": 0,
                "volume_id": "vol-0756a0f69140348e7",
                "volume_size": 20,
                "volume_type": "gp2"
              }
            ],
            "secondary_private_ips": [],
            "security_groups": [],
            "source_dest_check": true,
            "subnet_id": "subnet-033160ee36b4f778f",
            "tags": {
              "Ambiente": "PROD",
              "Backup": "False",
              "CWAgentInstall": "True",
              "CWRetentionDays": "30",
              "Description": "BRASA1PDBUES15 (digital-commerce-services)",
              "Name": "mongodb-digital-commerce-services-c",
              "ResourceAppRole": "Db",
              "ResourceBusinessUnit": "Brazil Digital Paas",
              "ResourceCostCenter": "1800.BR.134.502527",
              "ResourceName": "brasa1upbues15.br.experian.eeca1",
              "ResourceOwner": "devsecopsdigitalpaas@br.experian.com",
              "bu": "Digital"
            },
            "tags_all": {
              "Ambiente": "PROD",
              "Backup": "False",
              "CWAgentInstall": "True",
              "CWRetentionDays": "30",
              "Description": "BRASA1PDBUES15 (digital-commerce-services)",
              "Name": "mongodb-digital-commerce-services-c",
              "ResourceAppRole": "Db",
              "ResourceBusinessUnit": "Brazil Digital Paas",
              "ResourceCostCenter": "1800.BR.134.502527",
              "ResourceName": "brasa1upbues15.br.experian.eeca1",
              "ResourceOwner": "devsecopsdigitalpaas@br.experian.com",
              "bu": "Digital"
            },
            "tenancy": "default",
            "timeouts": null,
            "user_data": null,
            "user_data_base64": null,
            "user_data_replace_on_change": false,
            "volume_tags": null,
            "vpc_security_group_ids": [
              "sg-0d2655c4bf3a7bb14",
              "sg-0ef01e3210d87dffb"
            ]
          },
          "sensitive_attributes": [],
          "private": "eyJlMmJmYjczMC1lY2FhLTExZTYtOGY4OC0zNDM2M2JjN2M0YzAiOnsiY3JlYXRlIjo2MDAwMDAwMDAwMDAsImRlbGV0ZSI6MTIwMDAwMDAwMDAwMCwidXBkYXRlIjo2MDAwMDAwMDAwMDB9LCJzY2hlbWFfdmVyc2lvbiI6IjEifQ==",
          "dependencies": [
            "data.aws_ami.amiCluster"
          ]
        }
      ]
    }
  ],
  "check_results": null
}
