{
  "version": 4,
  "terraform_version": "1.4.2",
  "serial": 44,
  "lineage": "29b0f8dd-a6f9-6d87-d607-75c27826f2c7",
  "outputs": {},
  "resources": [
    {
      "mode": "managed",
      "type": "aws_dms_endpoint",
      "name": "source-endpoint-adChanges",
      "provider": "provider[\"registry.terraform.io/hashicorp/aws\"]",
      "instances": [
        {
          "schema_version": 0,
          "attributes": {
            "certificate_arn": "",
            "database_name": "adChanges",
            "elasticsearch_settings": [],
            "endpoint_arn": "arn:aws:dms:sa-east-1:492208500822:endpoint:TGKES5Z76KCTZW2GUY4SR5I5KPAONKSLQL7D6NQ",
            "endpoint_id": "source-migracao-mongodb-account-iam-services-adchanges",
            "endpoint_type": "source",
            "engine_name": "mongodb",
            "extra_connection_attributes": "authMechanism=DEFAULT;authSource=admin;authType=PASSWORD;docsToInvestigate=1000;extractDocId=false;nestingLevel=NONE;",
            "id": "source-migracao-mongodb-account-iam-services-adchanges",
            "kafka_settings": [],
            "kinesis_settings": [],
            "kms_key_arn": "arn:aws:kms:sa-east-1:492208500822:key/a64924db-7648-4ce2-92b2-295ab2a50ab2",
            "mongodb_settings": [
              {
                "auth_mechanism": "default",
                "auth_source": "admin",
                "auth_type": "password",
                "docs_to_investigate": "1000",
                "extract_doc_id": "false",
                "nesting_level": "none"
              }
            ],
            "password": "123Troc@r",
            "port": 27017,
            "redis_settings": [],
            "redshift_settings": [],
            "s3_settings": [],
            "secrets_manager_access_role_arn": "",
            "secrets_manager_arn": "",
            "server_name": "10.97.55.13",
            "service_access_role": null,
            "ssl_mode": "none",
            "tags": {
              "Name": "source-migracao-mongodb-digital-commerce-services-adChanges"
            },
            "tags_all": {
              "Name": "source-migracao-mongodb-digital-commerce-services-adChanges"
            },
            "timeouts": null,
            "username": "migracao-database"
          },
          "sensitive_attributes": [],
          "private": "eyJlMmJmYjczMC1lY2FhLTExZTYtOGY4OC0zNDM2M2JjN2M0YzAiOnsiY3JlYXRlIjozMDAwMDAwMDAwMDAsImRlbGV0ZSI6NjAwMDAwMDAwMDAwfX0="
        }
      ]
    }
  ],
  "check_results": null
}
