{
  "version": 4,
  "terraform_version": "1.4.2",
  "serial": 10,
  "lineage": "61c3b4fb-bcd6-e4df-928a-3e4d54e8a441",
  "outputs": {},
  "resources": [
    {
      "mode": "managed",
      "type": "aws_dms_endpoint",
      "name": "source-endpoint-notification",
      "provider": "provider[\"registry.terraform.io/hashicorp/aws\"]",
      "instances": [
        {
          "schema_version": 0,
          "attributes": {
            "certificate_arn": "arn:aws:dms:sa-east-1:328257591560:cert:XDO2QOMK6JQTGQXVJPTXKWUPXYE2GBJ5J6V5M7I",
            "database_name": "notification",
            "elasticsearch_settings": [],
            "endpoint_arn": "arn:aws:dms:sa-east-1:328257591560:endpoint:ESBOL76QZIF7YPTVOIRKW3NA6UJJDR6OYDMOQ2Q",
            "endpoint_id": "source-migracao-docdb-digital-services-notification",
            "endpoint_type": "source",
            "engine_name": "docdb",
            "extra_connection_attributes": "",
            "id": "source-migracao-docdb-digital-services-notification",
            "kafka_settings": [],
            "kinesis_settings": [],
            "kms_key_arn": "arn:aws:kms:sa-east-1:328257591560:key/14ad3c0e-a6e0-448e-80f9-a78b25be2851",
            "mongodb_settings": [],
            "password": "9tw2N2wEdU7wvgTH",
            "port": 27017,
            "redis_settings": [],
            "redshift_settings": [],
            "s3_settings": [],
            "secrets_manager_access_role_arn": null,
            "secrets_manager_arn": null,
            "server_name": "docdb-digital-services.cluster-cxuqnyyb34lr.sa-east-1.docdb.amazonaws.com",
            "service_access_role": null,
            "ssl_mode": "verify-full",
            "tags": {
              "Name": "source-migracao-docdb-digital-services-notification"
            },
            "tags_all": {
              "Name": "source-migracao-docdb-digital-services-notification"
            },
            "timeouts": null,
            "username": "usr_migration"
          },
          "sensitive_attributes": [],
          "private": "eyJlMmJmYjczMC1lY2FhLTExZTYtOGY4OC0zNDM2M2JjN2M0YzAiOnsiY3JlYXRlIjozMDAwMDAwMDAwMDAsImRlbGV0ZSI6NjAwMDAwMDAwMDAwfX0="
        }
      ]
    },
    {
      "mode": "managed",
      "type": "aws_dms_endpoint",
      "name": "target-endpoint-notification",
      "provider": "provider[\"registry.terraform.io/hashicorp/aws\"]",
      "instances": [
        {
          "schema_version": 0,
          "attributes": {
            "certificate_arn": "",
            "database_name": "notification",
            "elasticsearch_settings": [],
            "endpoint_arn": "arn:aws:dms:sa-east-1:328257591560:endpoint:A4K6Y3Y5ETTG7DNYIT2HAWPOC5TFQEJIYMFF7FA",
            "endpoint_id": "target-migracao-mongodb-digital-services-notification",
            "endpoint_type": "target",
            "engine_name": "docdb",
            "extra_connection_attributes": "",
            "id": "target-migracao-mongodb-digital-services-notification",
            "kafka_settings": [],
            "kinesis_settings": [],
            "kms_key_arn": "arn:aws:kms:sa-east-1:328257591560:key/14ad3c0e-a6e0-448e-80f9-a78b25be2851",
            "mongodb_settings": [
              {
                "auth_mechanism": "default",
                "auth_source": "admin",
                "auth_type": "password",
                "docs_to_investigate": "1000",
                "extract_doc_id": "false",
                "nesting_level": "none"
              }
            ],
            "password": "123Troc@r",
            "port": 27017,
            "redis_settings": [],
            "redshift_settings": [],
            "s3_settings": [],
            "secrets_manager_access_role_arn": null,
            "secrets_manager_arn": null,
            "server_name": "10.99.133.11",
            "service_access_role": null,
            "ssl_mode": "none",
            "tags": {
              "Name": "target-migracao-mongodb-digital-services-notification"
            },
            "tags_all": {
              "Name": "target-migracao-mongodb-digital-services-notification"
            },
            "timeouts": null,
            "username": "migracao-database"
          },
          "sensitive_attributes": [],
          "private": "eyJlMmJmYjczMC1lY2FhLTExZTYtOGY4OC0zNDM2M2JjN2M0YzAiOnsiY3JlYXRlIjozMDAwMDAwMDAwMDAsImRlbGV0ZSI6NjAwMDAwMDAwMDAwfX0="
        }
      ]
    },
    {
      "mode": "managed",
      "type": "aws_dms_replication_instance",
      "name": "migracao-bancos-mongo",
      "provider": "provider[\"registry.terraform.io/hashicorp/aws\"]",
      "instances": [
        {
          "schema_version": 0,
          "attributes": {
            "allocated_storage": 10,
            "allow_major_version_upgrade": null,
            "apply_immediately": true,
            "auto_minor_version_upgrade": true,
            "availability_zone": "sa-east-1c",
            "engine_version": "3.4.7",
            "id": "migracao-bancos-mongo",
            "kms_key_arn": "arn:aws:kms:sa-east-1:328257591560:key/14ad3c0e-a6e0-448e-80f9-a78b25be2851",
            "multi_az": false,
            "preferred_maintenance_window": "sun:10:30-sun:14:30",
            "publicly_accessible": false,
            "replication_instance_arn": "arn:aws:dms:sa-east-1:328257591560:rep:6WF4DDATNLBBUZCB4TNGTLSPOQD7W6CG6XXOSSY",
            "replication_instance_class": "dms.t3.medium",
            "replication_instance_id": "migracao-bancos-mongo",
            "replication_instance_private_ips": [
              "10.99.133.156"
            ],
            "replication_instance_public_ips": [
              ""
            ],
            "replication_subnet_group_id": "sng-landing-zone",
            "tags": {},
            "tags_all": {},
            "timeouts": null,
            "vpc_security_group_ids": [
              "sg-0bc000f22984e439c"
            ]
          },
          "sensitive_attributes": [],
          "private": "eyJlMmJmYjczMC1lY2FhLTExZTYtOGY4OC0zNDM2M2JjN2M0YzAiOnsiY3JlYXRlIjoxODAwMDAwMDAwMDAwLCJkZWxldGUiOjE4MDAwMDAwMDAwMDAsInVwZGF0ZSI6MTgwMDAwMDAwMDAwMH19"
        }
      ]
    },
    {
      "mode": "managed",
      "type": "aws_dms_replication_task",
      "name": "task-migracao-notification",
      "provider": "provider[\"registry.terraform.io/hashicorp/aws\"]",
      "instances": [
        {
          "schema_version": 0,
          "attributes": {
            "cdc_start_position": "",
            "cdc_start_time": null,
            "id": "task-migracao-notification",
            "migration_type": "full-load-and-cdc",
            "replication_instance_arn": "arn:aws:dms:sa-east-1:328257591560:rep:6WF4DDATNLBBUZCB4TNGTLSPOQD7W6CG6XXOSSY",
            "replication_task_arn": "arn:aws:dms:sa-east-1:328257591560:task:CON4O5VNA5SBPFTWO7EULJ5NE443AHERLHZYSEY",
            "replication_task_id": "task-migracao-notification",
            "replication_task_settings": "{\"BeforeImageSettings\":null,\"ChangeProcessingDdlHandlingPolicy\":{\"HandleSourceTableAltered\":true,\"HandleSourceTableDropped\":true,\"HandleSourceTableTruncated\":true},\"ChangeProcessingTuning\":{\"BatchApplyMemoryLimit\":500,\"BatchApplyPreserveTransaction\":true,\"BatchApplyTimeoutMax\":30,\"BatchApplyTimeoutMin\":1,\"BatchSplitSize\":0,\"CommitTimeout\":1,\"MemoryKeepTime\":60,\"MemoryLimitTotal\":1024,\"MinTransactionSize\":1000,\"StatementCacheSize\":50},\"CharacterSetSettings\":null,\"ControlTablesSettings\":{\"ControlSchema\":\"\",\"FullLoadExceptionTableEnabled\":false,\"HistoryTableEnabled\":false,\"HistoryTimeslotInMinutes\":5,\"StatusTableEnabled\":false,\"SuspendedTablesTableEnabled\":false},\"ErrorBehavior\":{\"ApplyErrorDeletePolicy\":\"IGNORE_RECORD\",\"ApplyErrorEscalationCount\":0,\"ApplyErrorEscalationPolicy\":\"LOG_ERROR\",\"ApplyErrorFailOnTruncationDdl\":false,\"ApplyErrorInsertPolicy\":\"LOG_ERROR\",\"ApplyErrorUpdatePolicy\":\"LOG_ERROR\",\"DataErrorEscalationCount\":0,\"DataErrorEscalationPolicy\":\"SUSPEND_TABLE\",\"DataErrorPolicy\":\"LOG_ERROR\",\"DataTruncationErrorPolicy\":\"LOG_ERROR\",\"EventErrorPolicy\":\"IGNORE\",\"FailOnNoTablesCaptured\":true,\"FailOnTransactionConsistencyBreached\":false,\"FullLoadIgnoreConflicts\":true,\"RecoverableErrorCount\":-1,\"RecoverableErrorInterval\":5,\"RecoverableErrorStopRetryAfterThrottlingMax\":true,\"RecoverableErrorThrottling\":true,\"RecoverableErrorThrottlingMax\":1800,\"TableErrorEscalationCount\":0,\"TableErrorEscalationPolicy\":\"STOP_TASK\",\"TableErrorPolicy\":\"SUSPEND_TABLE\"},\"FailTaskWhenCleanTaskResourceFailed\":false,\"FullLoadSettings\":{\"CommitRate\":10000,\"CreatePkAfterFullLoad\":false,\"MaxFullLoadSubTasks\":8,\"StopTaskCachedChangesApplied\":false,\"StopTaskCachedChangesNotApplied\":false,\"TargetTablePrepMode\":\"DO_NOTHING\",\"TransactionConsistencyTimeout\":600},\"Logging\":{\"EnableLogContext\":false,\"EnableLogging\":true,\"LogComponents\":[{\"Id\":\"TRANSFORMATION\",\"Severity\":\"LOGGER_SEVERITY_DEFAULT\"},{\"Id\":\"SOURCE_UNLOAD\",\"Severity\":\"LOGGER_SEVERITY_DEFAULT\"},{\"Id\":\"IO\",\"Severity\":\"LOGGER_SEVERITY_DEFAULT\"},{\"Id\":\"TARGET_LOAD\",\"Severity\":\"LOGGER_SEVERITY_DEFAULT\"},{\"Id\":\"PERFORMANCE\",\"Severity\":\"LOGGER_SEVERITY_DEFAULT\"},{\"Id\":\"SOURCE_CAPTURE\",\"Severity\":\"LOGGER_SEVERITY_DEFAULT\"},{\"Id\":\"SORTER\",\"Severity\":\"LOGGER_SEVERITY_DEFAULT\"},{\"Id\":\"REST_SERVER\",\"Severity\":\"LOGGER_SEVERITY_DEFAULT\"},{\"Id\":\"VALIDATOR_EXT\",\"Severity\":\"LOGGER_SEVERITY_DEFAULT\"},{\"Id\":\"TARGET_APPLY\",\"Severity\":\"LOGGER_SEVERITY_DEFAULT\"},{\"Id\":\"TASK_MANAGER\",\"Severity\":\"LOGGER_SEVERITY_DEFAULT\"},{\"Id\":\"TABLES_MANAGER\",\"Severity\":\"LOGGER_SEVERITY_DEFAULT\"},{\"Id\":\"METADATA_MANAGER\",\"Severity\":\"LOGGER_SEVERITY_DEFAULT\"},{\"Id\":\"FILE_FACTORY\",\"Severity\":\"LOGGER_SEVERITY_DEFAULT\"},{\"Id\":\"COMMON\",\"Severity\":\"LOGGER_SEVERITY_DEFAULT\"},{\"Id\":\"ADDONS\",\"Severity\":\"LOGGER_SEVERITY_DEFAULT\"},{\"Id\":\"DATA_STRUCTURE\",\"Severity\":\"LOGGER_SEVERITY_DEFAULT\"},{\"Id\":\"COMMUNICATION\",\"Severity\":\"LOGGER_SEVERITY_DEFAULT\"},{\"Id\":\"FILE_TRANSFER\",\"Severity\":\"LOGGER_SEVERITY_DEFAULT\"}]},\"LoopbackPreventionSettings\":null,\"PostProcessingRules\":null,\"StreamBufferSettings\":{\"CtrlStreamBufferSizeInMB\":5,\"StreamBufferCount\":3,\"StreamBufferSizeInMB\":8},\"TTSettings\":{\"EnableTT\":false,\"TTRecordSettings\":null,\"TTS3Settings\":null},\"TargetMetadata\":{\"BatchApplyEnabled\":false,\"FullLobMode\":false,\"InlineLobMaxSize\":0,\"LimitedSizeLobMode\":true,\"LoadMaxFileSize\":0,\"LobChunkSize\":64,\"LobMaxSize\":32,\"ParallelApplyBufferSize\":0,\"ParallelApplyQueuesPerThread\":0,\"ParallelApplyThreads\":0,\"ParallelLoadBufferSize\":0,\"ParallelLoadQueuesPerThread\":0,\"ParallelLoadThreads\":0,\"SupportLobs\":true,\"TargetSchema\":\"\",\"TaskRecoveryTableEnabled\":false}}",
            "source_endpoint_arn": "arn:aws:dms:sa-east-1:328257591560:endpoint:ESBOL76QZIF7YPTVOIRKW3NA6UJJDR6OYDMOQ2Q",
            "start_replication_task": false,
            "status": "stopped",
            "table_mappings": "{\"rules\":[{\"rule-type\":\"selection\",\"rule-id\":\"1\",\"rule-name\":\"1\",\"object-locator\":{\"schema-name\":\"notification\",\"table-name\":\"%\"},\"rule-action\":\"include\"}]}",
            "tags": {},
            "tags_all": {},
            "target_endpoint_arn": "arn:aws:dms:sa-east-1:328257591560:endpoint:A4K6Y3Y5ETTG7DNYIT2HAWPOC5TFQEJIYMFF7FA"
          },
          "sensitive_attributes": [],
          "private": "bnVsbA==",
          "dependencies": [
            "aws_dms_endpoint.source-endpoint-notification",
            "aws_dms_endpoint.target-endpoint-notification",
            "aws_dms_replication_instance.migracao-bancos-mongo"
          ]
        }
      ]
    }
  ],
  "check_results": null
}
