{
  "version": 4,
  "terraform_version": "1.4.2",
  "serial": 20,
  "lineage": "0dca29b2-e4f7-3105-5a17-52fdaab8fa99",
  "outputs": {},
  "resources": [
    {
      "mode": "managed",
      "type": "aws_dms_endpoint",
      "name": "source-endpoint-account",
      "provider": "provider[\"registry.terraform.io/hashicorp/aws\"]",
      "instances": [
        {
          "schema_version": 0,
          "attributes": {
            "certificate_arn": "",
            "database_name": "account",
            "elasticsearch_settings": [],
            "endpoint_arn": "arn:aws:dms:sa-east-1:492208500822:endpoint:57SSEVFZLG67CI3NSGEXV5SHPFQJGWUY3KKB4VI",
            "endpoint_id": "source-migracao-mongodb-account-iam-account",
            "endpoint_type": "source",
            "engine_name": "mongodb",
            "extra_connection_attributes": "authMechanism=DEFAULT;authSource=admin;authType=PASSWORD;docsToInvestigate=1000;extractDocId=false;nestingLevel=NONE;",
            "id": "source-migracao-mongodb-account-iam-account",
            "kafka_settings": [],
            "kinesis_settings": [],
            "kms_key_arn": "arn:aws:kms:sa-east-1:492208500822:key/a64924db-7648-4ce2-92b2-295ab2a50ab2",
            "mongodb_settings": [
              {
                "auth_mechanism": "default",
                "auth_source": "admin",
                "auth_type": "password",
                "docs_to_investigate": "1000",
                "extract_doc_id": "false",
                "nesting_level": "none"
              }
            ],
            "password": "123Troc@r",
            "port": 27017,
            "redis_settings": [],
            "redshift_settings": [],
            "s3_settings": [],
            "secrets_manager_access_role_arn": "",
            "secrets_manager_arn": "",
            "server_name": "10.97.55.59",
            "service_access_role": null,
            "ssl_mode": "none",
            "tags": {
              "Name": "source-migracao-mongodb-account-iam-account"
            },
            "tags_all": {
              "Name": "source-migracao-mongodb-account-iam-account"
            },
            "timeouts": null,
            "username": "migracao-database"
          },
          "sensitive_attributes": [],
          "private": "eyJlMmJmYjczMC1lY2FhLTExZTYtOGY4OC0zNDM2M2JjN2M0YzAiOnsiY3JlYXRlIjozMDAwMDAwMDAwMDAsImRlbGV0ZSI6NjAwMDAwMDAwMDAwfX0="
        }
      ]
    },
    {
      "mode": "managed",
      "type": "aws_dms_endpoint",
      "name": "source-endpoint-device",
      "provider": "provider[\"registry.terraform.io/hashicorp/aws\"]",
      "instances": [
        {
          "schema_version": 0,
          "attributes": {
            "certificate_arn": "",
            "database_name": "device",
            "elasticsearch_settings": [],
            "endpoint_arn": "arn:aws:dms:sa-east-1:492208500822:endpoint:3NBRK42C7ZK6UYOTSKQQZNBIWBR7PJKU3DIFT4I",
            "endpoint_id": "source-migracao-mongodb-customer-relationship-device",
            "endpoint_type": "source",
            "engine_name": "mongodb",
            "extra_connection_attributes": "authMechanism=DEFAULT;authSource=admin;authType=PASSWORD;docsToInvestigate=1000;extractDocId=false;nestingLevel=NONE;",
            "id": "source-migracao-mongodb-customer-relationship-device",
            "kafka_settings": [],
            "kinesis_settings": [],
            "kms_key_arn": "arn:aws:kms:sa-east-1:492208500822:key/a64924db-7648-4ce2-92b2-295ab2a50ab2",
            "mongodb_settings": [
              {
                "auth_mechanism": "default",
                "auth_source": "admin",
                "auth_type": "password",
                "docs_to_investigate": "1000",
                "extract_doc_id": "false",
                "nesting_level": "none"
              }
            ],
            "password": "123Troc@r",
            "port": 27017,
            "redis_settings": [],
            "redshift_settings": [],
            "s3_settings": [],
            "secrets_manager_access_role_arn": "",
            "secrets_manager_arn": "",
            "server_name": "10.97.55.181",
            "service_access_role": null,
            "ssl_mode": "none",
            "tags": {
              "Name": "source-migracao-mongodb-customer-relationship-device"
            },
            "tags_all": {
              "Name": "source-migracao-mongodb-customer-relationship-device"
            },
            "timeouts": null,
            "username": "migracao-database"
          },
          "sensitive_attributes": [],
          "private": "eyJlMmJmYjczMC1lY2FhLTExZTYtOGY4OC0zNDM2M2JjN2M0YzAiOnsiY3JlYXRlIjozMDAwMDAwMDAwMDAsImRlbGV0ZSI6NjAwMDAwMDAwMDAwfX0="
        }
      ]
    },
    {
      "mode": "managed",
      "type": "aws_dms_endpoint",
      "name": "target-endpoint-account",
      "provider": "provider[\"registry.terraform.io/hashicorp/aws\"]",
      "instances": [
        {
          "schema_version": 0,
          "attributes": {
            "certificate_arn": "",
            "database_name": "account",
            "elasticsearch_settings": [],
            "endpoint_arn": "arn:aws:dms:sa-east-1:492208500822:endpoint:YGYYH7XKKVPXLMG55ATTP7NU65TY4BXFCZU4MAA",
            "endpoint_id": "target-mongodb-account-iam-account",
            "endpoint_type": "target",
            "engine_name": "docdb",
            "extra_connection_attributes": "",
            "id": "target-mongodb-account-iam-account",
            "kafka_settings": [],
            "kinesis_settings": [],
            "kms_key_arn": "arn:aws:kms:sa-east-1:492208500822:key/a64924db-7648-4ce2-92b2-295ab2a50ab2",
            "mongodb_settings": [
              {
                "auth_mechanism": "default",
                "auth_source": "admin",
                "auth_type": "password",
                "docs_to_investigate": "1000",
                "extract_doc_id": "false",
                "nesting_level": "none"
              }
            ],
            "password": "123Troc@r",
            "port": 27017,
            "redis_settings": [],
            "redshift_settings": [],
            "s3_settings": [],
            "secrets_manager_access_role_arn": null,
            "secrets_manager_arn": null,
            "server_name": "10.99.133.35",
            "service_access_role": null,
            "ssl_mode": "none",
            "tags": {
              "Name": "target-mongodb-account-iam-account"
            },
            "tags_all": {
              "Name": "target-mongodb-account-iam-account"
            },
            "timeouts": null,
            "username": "migracao-database"
          },
          "sensitive_attributes": [],
          "private": "eyJlMmJmYjczMC1lY2FhLTExZTYtOGY4OC0zNDM2M2JjN2M0YzAiOnsiY3JlYXRlIjozMDAwMDAwMDAwMDAsImRlbGV0ZSI6NjAwMDAwMDAwMDAwfX0="
        }
      ]
    },
    {
      "mode": "managed",
      "type": "aws_dms_replication_instance",
      "name": "migracao-bancos-mongo",
      "provider": "provider[\"registry.terraform.io/hashicorp/aws\"]",
      "instances": [
        {
          "schema_version": 0,
          "attributes": {
            "allocated_storage": 10,
            "allow_major_version_upgrade": null,
            "apply_immediately": true,
            "auto_minor_version_upgrade": true,
            "availability_zone": "sa-east-1c",
            "engine_version": "3.4.7",
            "id": "migracao-bancos-mongo",
            "kms_key_arn": "arn:aws:kms:sa-east-1:492208500822:key/a64924db-7648-4ce2-92b2-295ab2a50ab2",
            "multi_az": true,
            "preferred_maintenance_window": "sun:10:30-sun:14:30",
            "publicly_accessible": false,
            "replication_instance_arn": "arn:aws:dms:sa-east-1:492208500822:rep:LEOKTZGL5KPIGE5K74Y5JGIIAB2S4XPWJOBH3BI",
            "replication_instance_class": "dms.c5.4xlarge",
            "replication_instance_id": "migracao-bancos-mongo",
            "replication_instance_private_ips": [
              "10.97.55.125",
              "10.97.54.228"
            ],
            "replication_instance_public_ips": [
              ""
            ],
            "replication_subnet_group_id": "sng-teste-migracao",
            "tags": null,
            "tags_all": {},
            "timeouts": null,
            "vpc_security_group_ids": [
              "sg-02a902d89ac8c34e5"
            ]
          },
          "sensitive_attributes": [],
          "private": "eyJlMmJmYjczMC1lY2FhLTExZTYtOGY4OC0zNDM2M2JjN2M0YzAiOnsiY3JlYXRlIjoyNDAwMDAwMDAwMDAwLCJkZWxldGUiOjE4MDAwMDAwMDAwMDAsInVwZGF0ZSI6MTgwMDAwMDAwMDAwMH19"
        }
      ]
    },
    {
      "mode": "managed",
      "type": "aws_dms_replication_task",
      "name": "task-migracao-account",
      "provider": "provider[\"registry.terraform.io/hashicorp/aws\"]",
      "instances": [
        {
          "schema_version": 0,
          "attributes": {
            "cdc_start_position": "",
            "cdc_start_time": null,
            "id": "task-migracao-account",
            "migration_type": "full-load-and-cdc",
            "replication_instance_arn": "arn:aws:dms:sa-east-1:492208500822:rep:LEOKTZGL5KPIGE5K74Y5JGIIAB2S4XPWJOBH3BI",
            "replication_task_arn": "arn:aws:dms:sa-east-1:492208500822:task:KEBBI35ZJ42MEDFA5VLCUJ2WGITUL7KWLVQSMEY",
            "replication_task_id": "task-migracao-account",
            "replication_task_settings": "{\"BeforeImageSettings\":null,\"ChangeProcessingDdlHandlingPolicy\":{\"HandleSourceTableAltered\":true,\"HandleSourceTableDropped\":true,\"HandleSourceTableTruncated\":true},\"ChangeProcessingTuning\":{\"BatchApplyMemoryLimit\":500,\"BatchApplyPreserveTransaction\":true,\"BatchApplyTimeoutMax\":30,\"BatchApplyTimeoutMin\":1,\"BatchSplitSize\":0,\"CommitTimeout\":1,\"MemoryKeepTime\":60,\"MemoryLimitTotal\":1024,\"MinTransactionSize\":1000,\"StatementCacheSize\":50},\"CharacterSetSettings\":null,\"ControlTablesSettings\":{\"ControlSchema\":\"\",\"FullLoadExceptionTableEnabled\":false,\"HistoryTableEnabled\":false,\"HistoryTimeslotInMinutes\":5,\"StatusTableEnabled\":false,\"SuspendedTablesTableEnabled\":false},\"ErrorBehavior\":{\"ApplyErrorDeletePolicy\":\"IGNORE_RECORD\",\"ApplyErrorEscalationCount\":0,\"ApplyErrorEscalationPolicy\":\"LOG_ERROR\",\"ApplyErrorFailOnTruncationDdl\":false,\"ApplyErrorInsertPolicy\":\"LOG_ERROR\",\"ApplyErrorUpdatePolicy\":\"LOG_ERROR\",\"DataErrorEscalationCount\":0,\"DataErrorEscalationPolicy\":\"SUSPEND_TABLE\",\"DataErrorPolicy\":\"LOG_ERROR\",\"DataTruncationErrorPolicy\":\"LOG_ERROR\",\"EventErrorPolicy\":\"IGNORE\",\"FailOnNoTablesCaptured\":true,\"FailOnTransactionConsistencyBreached\":false,\"FullLoadIgnoreConflicts\":true,\"RecoverableErrorCount\":-1,\"RecoverableErrorInterval\":5,\"RecoverableErrorStopRetryAfterThrottlingMax\":true,\"RecoverableErrorThrottling\":true,\"RecoverableErrorThrottlingMax\":1800,\"TableErrorEscalationCount\":0,\"TableErrorEscalationPolicy\":\"STOP_TASK\",\"TableErrorPolicy\":\"SUSPEND_TABLE\"},\"FailTaskWhenCleanTaskResourceFailed\":false,\"FullLoadSettings\":{\"CommitRate\":10000,\"CreatePkAfterFullLoad\":false,\"MaxFullLoadSubTasks\":8,\"StopTaskCachedChangesApplied\":false,\"StopTaskCachedChangesNotApplied\":false,\"TargetTablePrepMode\":\"DO_NOTHING\",\"TransactionConsistencyTimeout\":600},\"Logging\":{\"EnableLogging\":true,\"LogComponents\":[{\"Id\":\"DATA_STRUCTURE\",\"Severity\":\"LOGGER_SEVERITY_DEFAULT\"},{\"Id\":\"COMMUNICATION\",\"Severity\":\"LOGGER_SEVERITY_DEFAULT\"},{\"Id\":\"IO\",\"Severity\":\"LOGGER_SEVERITY_DEFAULT\"},{\"Id\":\"COMMON\",\"Severity\":\"LOGGER_SEVERITY_DEFAULT\"},{\"Id\":\"FILE_FACTORY\",\"Severity\":\"LOGGER_SEVERITY_DEFAULT\"},{\"Id\":\"FILE_TRANSFER\",\"Severity\":\"LOGGER_SEVERITY_DEFAULT\"},{\"Id\":\"REST_SERVER\",\"Severity\":\"LOGGER_SEVERITY_DEFAULT\"},{\"Id\":\"ADDONS\",\"Severity\":\"LOGGER_SEVERITY_DEFAULT\"},{\"Id\":\"TARGET_LOAD\",\"Severity\":\"LOGGER_SEVERITY_DEFAULT\"},{\"Id\":\"TARGET_APPLY\",\"Severity\":\"LOGGER_SEVERITY_DEFAULT\"},{\"Id\":\"SOURCE_UNLOAD\",\"Severity\":\"LOGGER_SEVERITY_DEFAULT\"},{\"Id\":\"SOURCE_CAPTURE\",\"Severity\":\"LOGGER_SEVERITY_DEFAULT\"},{\"Id\":\"TRANSFORMATION\",\"Severity\":\"LOGGER_SEVERITY_DEFAULT\"},{\"Id\":\"SORTER\",\"Severity\":\"LOGGER_SEVERITY_DEFAULT\"},{\"Id\":\"TASK_MANAGER\",\"Severity\":\"LOGGER_SEVERITY_DEFAULT\"},{\"Id\":\"TABLES_MANAGER\",\"Severity\":\"LOGGER_SEVERITY_DEFAULT\"},{\"Id\":\"METADATA_MANAGER\",\"Severity\":\"LOGGER_SEVERITY_DEFAULT\"},{\"Id\":\"PERFORMANCE\",\"Severity\":\"LOGGER_SEVERITY_DEFAULT\"},{\"Id\":\"VALIDATOR_EXT\",\"Severity\":\"LOGGER_SEVERITY_DEFAULT\"}]},\"LoopbackPreventionSettings\":null,\"PostProcessingRules\":null,\"StreamBufferSettings\":{\"CtrlStreamBufferSizeInMB\":5,\"StreamBufferCount\":3,\"StreamBufferSizeInMB\":8},\"TTSettings\":{\"EnableTT\":false,\"TTRecordSettings\":null,\"TTS3Settings\":null},\"TargetMetadata\":{\"BatchApplyEnabled\":false,\"FullLobMode\":false,\"InlineLobMaxSize\":0,\"LimitedSizeLobMode\":true,\"LoadMaxFileSize\":0,\"LobChunkSize\":64,\"LobMaxSize\":32,\"ParallelApplyBufferSize\":0,\"ParallelApplyQueuesPerThread\":0,\"ParallelApplyThreads\":0,\"ParallelLoadBufferSize\":0,\"ParallelLoadQueuesPerThread\":0,\"ParallelLoadThreads\":0,\"SupportLobs\":true,\"TargetSchema\":\"\",\"TaskRecoveryTableEnabled\":false}}",
            "source_endpoint_arn": "arn:aws:dms:sa-east-1:492208500822:endpoint:57SSEVFZLG67CI3NSGEXV5SHPFQJGWUY3KKB4VI",
            "start_replication_task": false,
            "status": "ready",
            "table_mappings": "{\"rules\":[{\"rule-type\":\"selection\",\"rule-id\":\"1\",\"rule-name\":\"1\",\"object-locator\":{\"schema-name\":\"account\",\"table-name\":\"%\"},\"rule-action\":\"include\"}]}",
            "tags": null,
            "tags_all": {},
            "target_endpoint_arn": "arn:aws:dms:sa-east-1:492208500822:endpoint:YGYYH7XKKVPXLMG55ATTP7NU65TY4BXFCZU4MAA"
          },
          "sensitive_attributes": [],
          "private": "bnVsbA==",
          "dependencies": [
            "aws_dms_endpoint.source-endpoint-account",
            "aws_dms_endpoint.target-endpoint-account",
            "aws_dms_replication_instance.migracao-bancos-mongo"
          ]
        }
      ]
    },
    {
      "mode": "managed",
      "type": "aws_dms_replication_task",
      "name": "task-migracao-device",
      "provider": "provider[\"registry.terraform.io/hashicorp/aws\"]",
      "instances": []
    }
  ],
  "check_results": null
}
