{
  "version": 4,
  "terraform_version": "1.4.2",
  "serial": 61,
  "lineage": "754cbae8-7279-4647-0a06-3950236bdad7",
  "outputs": {},
  "resources": [
    {
      "mode": "managed",
      "type": "aws_dms_replication_instance",
      "name": "migracao-bancos-mongo",
      "provider": "provider[\"registry.terraform.io/hashicorp/aws\"]",
      "instances": [
        {
          "schema_version": 0,
          "attributes": {
            "allocated_storage": 10,
            "allow_major_version_upgrade": null,
            "apply_immediately": true,
            "auto_minor_version_upgrade": true,
            "availability_zone": "sa-east-1a",
            "engine_version": "3.4.7",
            "id": "migracao-bancos-mongo",
            "kms_key_arn": "arn:aws:kms:sa-east-1:492208500822:key/a64924db-7648-4ce2-92b2-295ab2a50ab2",
            "multi_az": false,
            "preferred_maintenance_window": "sun:10:30-sun:14:30",
            "publicly_accessible": false,
            "replication_instance_arn": "arn:aws:dms:sa-east-1:492208500822:rep:L7ECGU7CC4DVUNY5QDNB7QTTRC4I7MAD7BKWFTQ",
            "replication_instance_class": "dms.t3.micro",
            "replication_instance_id": "migracao-bancos-mongo",
            "replication_instance_private_ips": [
              "10.97.55.45"
            ],
            "replication_instance_public_ips": [
              ""
            ],
            "replication_subnet_group_id": "sng-teste-migracao",
            "tags": {},
            "tags_all": {},
            "timeouts": null,
            "vpc_security_group_ids": [
              "sg-02a902d89ac8c34e5"
            ]
          },
          "sensitive_attributes": [],
          "private": "eyJlMmJmYjczMC1lY2FhLTExZTYtOGY4OC0zNDM2M2JjN2M0YzAiOnsiY3JlYXRlIjoxODAwMDAwMDAwMDAwLCJkZWxldGUiOjE4MDAwMDAwMDAwMDAsInVwZGF0ZSI6MTgwMDAwMDAwMDAwMH19"
        }
      ]
    }
  ],
  "check_results": null
}
