{
  "version": 4,
  "terraform_version": "1.4.2",
  "serial": 8,
  "lineage": "540f0054-57a3-3c35-aa4b-3ad31abb6fc4",
  "outputs": {},
  "resources": [
    {
      "mode": "managed",
      "type": "aws_dms_endpoint",
      "name": "destination-migracao-mongodb-account-iam-mkt-automation",
      "provider": "provider[\"registry.terraform.io/hashicorp/aws\"]",
      "instances": [
        {
          "schema_version": 0,
          "attributes": {
            "certificate_arn": "",
            "database_name": "marketingAutomation",
            "elasticsearch_settings": [],
            "endpoint_arn": "arn:aws:dms:sa-east-1:328257591560:endpoint:AU5HI4MOHVHDVUJNXXUY7SJM53ZCGC3DEJ7NKTY",
            "endpoint_id": "destination-migracao-mongodb-account-iam-mkt-automation",
            "endpoint_type": "target",
            "engine_name": "docdb",
            "extra_connection_attributes": "",
            "id": "destination-migracao-mongodb-account-iam-mkt-automation",
            "kafka_settings": [],
            "kinesis_settings": [],
            "kms_key_arn": "arn:aws:kms:sa-east-1:328257591560:key/14ad3c0e-a6e0-448e-80f9-a78b25be2851",
            "mongodb_settings": [
              {
                "auth_mechanism": "default",
                "auth_source": "admin",
                "auth_type": "password",
                "docs_to_investigate": "1000",
                "extract_doc_id": "false",
                "nesting_level": "none"
              }
            ],
            "password": "123Troc@r",
            "port": 27017,
            "redis_settings": [],
            "redshift_settings": [],
            "s3_settings": [],
            "secrets_manager_access_role_arn": null,
            "secrets_manager_arn": null,
            "server_name": "10.99.133.26",
            "service_access_role": null,
            "ssl_mode": "none",
            "tags": {
              "Name": "destination-migracao-mongodb-account-iam-mkt-automation"
            },
            "tags_all": {
              "Name": "destination-migracao-mongodb-account-iam-mkt-automation"
            },
            "timeouts": null,
            "username": "migracao-database"
          },
          "sensitive_attributes": [],
          "private": "eyJlMmJmYjczMC1lY2FhLTExZTYtOGY4OC0zNDM2M2JjN2M0YzAiOnsiY3JlYXRlIjozMDAwMDAwMDAwMDAsImRlbGV0ZSI6NjAwMDAwMDAwMDAwfX0="
        }
      ]
    },
    {
      "mode": "managed",
      "type": "aws_dms_endpoint",
      "name": "source-migracao-docdb-digital-account-services-mkt-automation",
      "provider": "provider[\"registry.terraform.io/hashicorp/aws\"]",
      "instances": [
        {
          "schema_version": 0,
          "attributes": {
            "certificate_arn": "arn:aws:dms:sa-east-1:328257591560:cert:XDO2QOMK6JQTGQXVJPTXKWUPXYE2GBJ5J6V5M7I",
            "database_name": "marketingAutomation",
            "elasticsearch_settings": [],
            "endpoint_arn": "arn:aws:dms:sa-east-1:328257591560:endpoint:ND7VL3SWG6YS2ZSDCEBSSO6M65AFQN4Z7IG4AUI",
            "endpoint_id": "source-migracao-docdb-digital-account-services-mkt-automation",
            "endpoint_type": "source",
            "engine_name": "docdb",
            "extra_connection_attributes": "",
            "id": "source-migracao-docdb-digital-account-services-mkt-automation",
            "kafka_settings": [],
            "kinesis_settings": [],
            "kms_key_arn": "arn:aws:kms:sa-east-1:328257591560:key/14ad3c0e-a6e0-448e-80f9-a78b25be2851",
            "mongodb_settings": [],
            "password": "9tw2N2wEdU7wvgTH",
            "port": 27017,
            "redis_settings": [],
            "redshift_settings": [],
            "s3_settings": [],
            "secrets_manager_access_role_arn": null,
            "secrets_manager_arn": null,
            "server_name": "docdb-digital-account-services.cluster-cxuqnyyb34lr.sa-east-1.docdb.amazonaws.com",
            "service_access_role": null,
            "ssl_mode": "verify-full",
            "tags": {
              "Name": "source-migracao-docdb-digital-account-services-mkt-automation"
            },
            "tags_all": {
              "Name": "source-migracao-docdb-digital-account-services-mkt-automation"
            },
            "timeouts": null,
            "username": "usr_migration"
          },
          "sensitive_attributes": [],
          "private": "eyJlMmJmYjczMC1lY2FhLTExZTYtOGY4OC0zNDM2M2JjN2M0YzAiOnsiY3JlYXRlIjozMDAwMDAwMDAwMDAsImRlbGV0ZSI6NjAwMDAwMDAwMDAwfX0="
        }
      ]
    }
  ],
  "check_results": null
}
