{
  "version": 4,
  "terraform_version": "1.4.2",
  "serial": 14,
  "lineage": "115c04a8-c61e-8312-c1a5-9bf3fc241fe3",
  "outputs": {},
  "resources": [
    {
      "mode": "managed",
      "type": "aws_dms_endpoint",
      "name": "source-endpoint-digitalCertificateWebhook",
      "provider": "provider[\"registry.terraform.io/hashicorp/aws\"]",
      "instances": [
        {
          "schema_version": 0,
          "attributes": {
            "certificate_arn": "",
            "database_name": "digitalCertificateWebhook",
            "elasticsearch_settings": [],
            "endpoint_arn": "arn:aws:dms:sa-east-1:492208500822:endpoint:OQFWMFTNJQFVNKHR2HK56DVXZJOVCBRERATLFXY",
            "endpoint_id": "source-migracao-mongodb-account-iam-services-digitalcertificatewebhook",
            "endpoint_type": "source",
            "engine_name": "mongodb",
            "extra_connection_attributes": "authMechanism=DEFAULT;authSource=admin;authType=PASSWORD;docsToInvestigate=1000;extractDocId=false;nestingLevel=NONE;",
            "id": "source-migracao-mongodb-account-iam-services-digitalcertificatewebhook",
            "kafka_settings": [],
            "kinesis_settings": [],
            "kms_key_arn": "arn:aws:kms:sa-east-1:492208500822:key/a64924db-7648-4ce2-92b2-295ab2a50ab2",
            "mongodb_settings": [
              {
                "auth_mechanism": "default",
                "auth_source": "admin",
                "auth_type": "password",
                "docs_to_investigate": "1000",
                "extract_doc_id": "false",
                "nesting_level": "none"
              }
            ],
            "password": "123Troc@r",
            "port": 27017,
            "redis_settings": [],
            "redshift_settings": null,
            "s3_settings": [],
            "secrets_manager_access_role_arn": "",
            "secrets_manager_arn": "",
            "server_name": "10.97.55.13",
            "service_access_role": null,
            "ssl_mode": "none",
            "tags": {
              "Name": "source-migracao-mongodb-digital-commerce-services-digitalCertificateWebhook"
            },
            "tags_all": {
              "Name": "source-migracao-mongodb-digital-commerce-services-digitalCertificateWebhook"
            },
            "timeouts": null,
            "username": "migracao-database"
          },
          "sensitive_attributes": [],
          "private": "eyJlMmJmYjczMC1lY2FhLTExZTYtOGY4OC0zNDM2M2JjN2M0YzAiOnsiY3JlYXRlIjozMDAwMDAwMDAwMDAsImRlbGV0ZSI6NjAwMDAwMDAwMDAwfX0="
        }
      ]
    },
    {
      "mode": "managed",
      "type": "aws_dms_endpoint",
      "name": "source-endpoint-emailValidation",
      "provider": "provider[\"registry.terraform.io/hashicorp/aws\"]",
      "instances": [
        {
          "schema_version": 0,
          "attributes": {
            "certificate_arn": "",
            "database_name": "emailValidation",
            "elasticsearch_settings": [],
            "endpoint_arn": "arn:aws:dms:sa-east-1:492208500822:endpoint:MGJCB57HRECC5GBSUOVCNWQJJKROQR7PMIKTY3Y",
            "endpoint_id": "source-migracao-mongodb-customer-relationship-emailvalidation",
            "endpoint_type": "source",
            "engine_name": "mongodb",
            "extra_connection_attributes": "authMechanism=DEFAULT;authSource=admin;authType=PASSWORD;docsToInvestigate=1000;extractDocId=false;nestingLevel=NONE;",
            "id": "source-migracao-mongodb-customer-relationship-emailvalidation",
            "kafka_settings": [],
            "kinesis_settings": [],
            "kms_key_arn": "arn:aws:kms:sa-east-1:492208500822:key/a64924db-7648-4ce2-92b2-295ab2a50ab2",
            "mongodb_settings": [
              {
                "auth_mechanism": "default",
                "auth_source": "admin",
                "auth_type": "password",
                "docs_to_investigate": "1000",
                "extract_doc_id": "false",
                "nesting_level": "none"
              }
            ],
            "password": "123Troc@r",
            "port": 27017,
            "redis_settings": [],
            "redshift_settings": null,
            "s3_settings": [],
            "secrets_manager_access_role_arn": "",
            "secrets_manager_arn": "",
            "server_name": "10.97.55.5",
            "service_access_role": null,
            "ssl_mode": "none",
            "tags": {
              "Name": "source-migracao-mongodb-customer-relationship-emailValidation"
            },
            "tags_all": {
              "Name": "source-migracao-mongodb-customer-relationship-emailValidation"
            },
            "timeouts": null,
            "username": "migracao-database"
          },
          "sensitive_attributes": [],
          "private": "eyJlMmJmYjczMC1lY2FhLTExZTYtOGY4OC0zNDM2M2JjN2M0YzAiOnsiY3JlYXRlIjozMDAwMDAwMDAwMDAsImRlbGV0ZSI6NjAwMDAwMDAwMDAwfX0="
        }
      ]
    },
    {
      "mode": "managed",
      "type": "aws_dms_endpoint",
      "name": "source-endpoint-ordersession",
      "provider": "provider[\"registry.terraform.io/hashicorp/aws\"]",
      "instances": [
        {
          "schema_version": 0,
          "attributes": {
            "certificate_arn": "",
            "database_name": "ordersession",
            "elasticsearch_settings": [],
            "endpoint_arn": "arn:aws:dms:sa-east-1:492208500822:endpoint:WXZACNARLBP7DR4NKATSEB5GTRVV4WIQ7ZUMKWY",
            "endpoint_id": "source-migracao-mongodb-digital-commerce-services-ordersession",
            "endpoint_type": "source",
            "engine_name": "mongodb",
            "extra_connection_attributes": "authMechanism=DEFAULT;authSource=admin;authType=PASSWORD;docsToInvestigate=1000;extractDocId=false;nestingLevel=NONE;",
            "id": "source-migracao-mongodb-digital-commerce-services-ordersession",
            "kafka_settings": [],
            "kinesis_settings": [],
            "kms_key_arn": "arn:aws:kms:sa-east-1:492208500822:key/a64924db-7648-4ce2-92b2-295ab2a50ab2",
            "mongodb_settings": [
              {
                "auth_mechanism": "default",
                "auth_source": "admin",
                "auth_type": "password",
                "docs_to_investigate": "1000",
                "extract_doc_id": "false",
                "nesting_level": "none"
              }
            ],
            "password": "123Troc@r",
            "port": 27017,
            "redis_settings": [],
            "redshift_settings": null,
            "s3_settings": [],
            "secrets_manager_access_role_arn": "",
            "secrets_manager_arn": "",
            "server_name": "10.97.55.105",
            "service_access_role": null,
            "ssl_mode": "none",
            "tags": {
              "Name": "source-migracao-mongodb-digital-commerce-services-ordersession"
            },
            "tags_all": {
              "Name": "source-migracao-mongodb-digital-commerce-services-ordersession"
            },
            "timeouts": null,
            "username": "migracao-database"
          },
          "sensitive_attributes": [],
          "private": "eyJlMmJmYjczMC1lY2FhLTExZTYtOGY4OC0zNDM2M2JjN2M0YzAiOnsiY3JlYXRlIjozMDAwMDAwMDAwMDAsImRlbGV0ZSI6NjAwMDAwMDAwMDAwfX0="
        }
      ]
    },
    {
      "mode": "managed",
      "type": "aws_dms_endpoint",
      "name": "source-endpoint-sms",
      "provider": "provider[\"registry.terraform.io/hashicorp/aws\"]",
      "instances": [
        {
          "schema_version": 0,
          "attributes": {
            "certificate_arn": "",
            "database_name": "sms",
            "elasticsearch_settings": [],
            "endpoint_arn": "arn:aws:dms:sa-east-1:492208500822:endpoint:3UBKU7VDRDD5VODGMRO3RWCUX5UYUHD4ZD5MVOY",
            "endpoint_id": "source-migracao-mongodb-customer-relationship-sms",
            "endpoint_type": "source",
            "engine_name": "mongodb",
            "extra_connection_attributes": "authMechanism=DEFAULT;authSource=admin;authType=PASSWORD;docsToInvestigate=1000;extractDocId=false;nestingLevel=NONE;",
            "id": "source-migracao-mongodb-customer-relationship-sms",
            "kafka_settings": [],
            "kinesis_settings": [],
            "kms_key_arn": "arn:aws:kms:sa-east-1:492208500822:key/a64924db-7648-4ce2-92b2-295ab2a50ab2",
            "mongodb_settings": [
              {
                "auth_mechanism": "default",
                "auth_source": "admin",
                "auth_type": "password",
                "docs_to_investigate": "1000",
                "extract_doc_id": "false",
                "nesting_level": "none"
              }
            ],
            "password": "123Troc@r",
            "port": 27017,
            "redis_settings": [],
            "redshift_settings": null,
            "s3_settings": [],
            "secrets_manager_access_role_arn": "",
            "secrets_manager_arn": "",
            "server_name": "10.97.55.5",
            "service_access_role": null,
            "ssl_mode": "none",
            "tags": {
              "Name": "source-migracao-mongodb-customer-relationship-sms"
            },
            "tags_all": {
              "Name": "source-migracao-mongodb-customer-relationship-sms"
            },
            "timeouts": null,
            "username": "migracao-database"
          },
          "sensitive_attributes": [],
          "private": "eyJlMmJmYjczMC1lY2FhLTExZTYtOGY4OC0zNDM2M2JjN2M0YzAiOnsiY3JlYXRlIjozMDAwMDAwMDAwMDAsImRlbGV0ZSI6NjAwMDAwMDAwMDAwfX0="
        }
      ]
    },
    {
      "mode": "managed",
      "type": "aws_dms_endpoint",
      "name": "target-endpoint-digitalCertificateWebhook",
      "provider": "provider[\"registry.terraform.io/hashicorp/aws\"]",
      "instances": [
        {
          "schema_version": 0,
          "attributes": {
            "certificate_arn": "",
            "database_name": "digitalCertificateWebhook",
            "elasticsearch_settings": [],
            "endpoint_arn": "arn:aws:dms:sa-east-1:492208500822:endpoint:5FMVQSQURB2NUUO37JHDWREAH3TSSNAPOUWVVDI",
            "endpoint_id": "target-mongodb-digital-security-services-digitalcertificatewebhook",
            "endpoint_type": "target",
            "engine_name": "docdb",
            "extra_connection_attributes": "",
            "id": "target-mongodb-digital-security-services-digitalcertificatewebhook",
            "kafka_settings": [],
            "kinesis_settings": [],
            "kms_key_arn": "arn:aws:kms:sa-east-1:492208500822:key/a64924db-7648-4ce2-92b2-295ab2a50ab2",
            "mongodb_settings": [
              {
                "auth_mechanism": "default",
                "auth_source": "admin",
                "auth_type": "password",
                "docs_to_investigate": "1000",
                "extract_doc_id": "false",
                "nesting_level": "none"
              }
            ],
            "password": "123Troc@r",
            "port": 27017,
            "redis_settings": [],
            "redshift_settings": null,
            "s3_settings": [],
            "secrets_manager_access_role_arn": null,
            "secrets_manager_arn": null,
            "server_name": "10.99.133.10",
            "service_access_role": null,
            "ssl_mode": "none",
            "tags": {
              "Name": "target-mongodb-digital-security-services-digitalCertificateWebhook"
            },
            "tags_all": {
              "Name": "target-mongodb-digital-security-services-digitalCertificateWebhook"
            },
            "timeouts": null,
            "username": "migracao-database"
          },
          "sensitive_attributes": [],
          "private": "eyJlMmJmYjczMC1lY2FhLTExZTYtOGY4OC0zNDM2M2JjN2M0YzAiOnsiY3JlYXRlIjozMDAwMDAwMDAwMDAsImRlbGV0ZSI6NjAwMDAwMDAwMDAwfX0="
        }
      ]
    },
    {
      "mode": "managed",
      "type": "aws_dms_endpoint",
      "name": "target-endpoint-emailValidation",
      "provider": "provider[\"registry.terraform.io/hashicorp/aws\"]",
      "instances": [
        {
          "schema_version": 0,
          "attributes": {
            "certificate_arn": "",
            "database_name": "emailValidation",
            "elasticsearch_settings": [],
            "endpoint_arn": "arn:aws:dms:sa-east-1:492208500822:endpoint:3LZHORCCWXM2ECMAGYJWEASYUANCMTKMGR3XGUI",
            "endpoint_id": "destination-migracao-mongodb-digital-kyc-services-emailvalidation",
            "endpoint_type": "target",
            "engine_name": "docdb",
            "extra_connection_attributes": "",
            "id": "destination-migracao-mongodb-digital-kyc-services-emailvalidation",
            "kafka_settings": [],
            "kinesis_settings": [],
            "kms_key_arn": "arn:aws:kms:sa-east-1:492208500822:key/a64924db-7648-4ce2-92b2-295ab2a50ab2",
            "mongodb_settings": [
              {
                "auth_mechanism": "default",
                "auth_source": "admin",
                "auth_type": "password",
                "docs_to_investigate": "1000",
                "extract_doc_id": "false",
                "nesting_level": "none"
              }
            ],
            "password": "123Troc@r",
            "port": 27017,
            "redis_settings": [],
            "redshift_settings": null,
            "s3_settings": [],
            "secrets_manager_access_role_arn": null,
            "secrets_manager_arn": null,
            "server_name": "10.99.133.19",
            "service_access_role": null,
            "ssl_mode": "none",
            "tags": {
              "Name": "destination-migracao-mongodb-digital-kyc-services-emailValidation"
            },
            "tags_all": {
              "Name": "destination-migracao-mongodb-digital-kyc-services-emailValidation"
            },
            "timeouts": null,
            "username": "migracao-database"
          },
          "sensitive_attributes": [],
          "private": "eyJlMmJmYjczMC1lY2FhLTExZTYtOGY4OC0zNDM2M2JjN2M0YzAiOnsiY3JlYXRlIjozMDAwMDAwMDAwMDAsImRlbGV0ZSI6NjAwMDAwMDAwMDAwfX0="
        }
      ]
    },
    {
      "mode": "managed",
      "type": "aws_dms_endpoint",
      "name": "target-endpoint-ordersession",
      "provider": "provider[\"registry.terraform.io/hashicorp/aws\"]",
      "instances": [
        {
          "schema_version": 0,
          "attributes": {
            "certificate_arn": "",
            "database_name": "ordersession",
            "elasticsearch_settings": [],
            "endpoint_arn": "arn:aws:dms:sa-east-1:492208500822:endpoint:HBFVPWR3BXN7UZO6XQKS4KZ5UYCBXDLAXU6PKAY",
            "endpoint_id": "target-migracao-mongodb-digital-commerce-services-ordersession",
            "endpoint_type": "target",
            "engine_name": "docdb",
            "extra_connection_attributes": "",
            "id": "target-migracao-mongodb-digital-commerce-services-ordersession",
            "kafka_settings": [],
            "kinesis_settings": [],
            "kms_key_arn": "arn:aws:kms:sa-east-1:492208500822:key/a64924db-7648-4ce2-92b2-295ab2a50ab2",
            "mongodb_settings": [
              {
                "auth_mechanism": "default",
                "auth_source": "admin",
                "auth_type": "password",
                "docs_to_investigate": "1000",
                "extract_doc_id": "false",
                "nesting_level": "none"
              }
            ],
            "password": "123Troc@r",
            "port": 27017,
            "redis_settings": [],
            "redshift_settings": null,
            "s3_settings": [],
            "secrets_manager_access_role_arn": null,
            "secrets_manager_arn": null,
            "server_name": "10.99.133.26",
            "service_access_role": null,
            "ssl_mode": "none",
            "tags": {
              "Name": "target-migracao-mongodb-digital-commerce-services-ordersession"
            },
            "tags_all": {
              "Name": "target-migracao-mongodb-digital-commerce-services-ordersession"
            },
            "timeouts": null,
            "username": "migracao-database"
          },
          "sensitive_attributes": [],
          "private": "eyJlMmJmYjczMC1lY2FhLTExZTYtOGY4OC0zNDM2M2JjN2M0YzAiOnsiY3JlYXRlIjozMDAwMDAwMDAwMDAsImRlbGV0ZSI6NjAwMDAwMDAwMDAwfX0="
        }
      ]
    },
    {
      "mode": "managed",
      "type": "aws_dms_endpoint",
      "name": "target-endpoint-sms",
      "provider": "provider[\"registry.terraform.io/hashicorp/aws\"]",
      "instances": [
        {
          "schema_version": 0,
          "attributes": {
            "certificate_arn": "",
            "database_name": "sms",
            "elasticsearch_settings": [],
            "endpoint_arn": "arn:aws:dms:sa-east-1:492208500822:endpoint:AXXEPIW2XKZI4IET6P4ZGBZ47FZUB5XB6NV7BSY",
            "endpoint_id": "destination-migracao-mongodb-digital-services-sms",
            "endpoint_type": "target",
            "engine_name": "docdb",
            "extra_connection_attributes": "",
            "id": "destination-migracao-mongodb-digital-services-sms",
            "kafka_settings": [],
            "kinesis_settings": [],
            "kms_key_arn": "arn:aws:kms:sa-east-1:492208500822:key/a64924db-7648-4ce2-92b2-295ab2a50ab2",
            "mongodb_settings": [
              {
                "auth_mechanism": "default",
                "auth_source": "admin",
                "auth_type": "password",
                "docs_to_investigate": "1000",
                "extract_doc_id": "false",
                "nesting_level": "none"
              }
            ],
            "password": "123Troc@r",
            "port": 27017,
            "redis_settings": [],
            "redshift_settings": null,
            "s3_settings": [],
            "secrets_manager_access_role_arn": null,
            "secrets_manager_arn": null,
            "server_name": "10.99.133.11",
            "service_access_role": null,
            "ssl_mode": "none",
            "tags": {
              "Name": "destination-migracao-mongodb-digital-services-sms"
            },
            "tags_all": {
              "Name": "destination-migracao-mongodb-digital-services-sms"
            },
            "timeouts": null,
            "username": "migracao-database"
          },
          "sensitive_attributes": [],
          "private": "eyJlMmJmYjczMC1lY2FhLTExZTYtOGY4OC0zNDM2M2JjN2M0YzAiOnsiY3JlYXRlIjozMDAwMDAwMDAwMDAsImRlbGV0ZSI6NjAwMDAwMDAwMDAwfX0="
        }
      ]
    },
    {
      "mode": "managed",
      "type": "aws_dms_replication_instance",
      "name": "migracao-bancos-mongo",
      "provider": "provider[\"registry.terraform.io/hashicorp/aws\"]",
      "instances": [
        {
          "schema_version": 0,
          "attributes": {
            "allocated_storage": 10,
            "allow_major_version_upgrade": null,
            "apply_immediately": true,
            "auto_minor_version_upgrade": true,
            "availability_zone": "sa-east-1c",
            "engine_version": "3.4.7",
            "id": "migracao-bancos-mongo",
            "kms_key_arn": "arn:aws:kms:sa-east-1:492208500822:key/a64924db-7648-4ce2-92b2-295ab2a50ab2",
            "multi_az": false,
            "preferred_maintenance_window": "sun:10:30-sun:14:30",
            "publicly_accessible": false,
            "replication_instance_arn": "arn:aws:dms:sa-east-1:492208500822:rep:PE3OLDYIYQWMZ6LH7B5K47EIMMZEH4LM5EG4SII",
            "replication_instance_class": "dms.t3.medium",
            "replication_instance_id": "migracao-bancos-mongo",
            "replication_instance_private_ips": [
              "10.97.54.222"
            ],
            "replication_instance_public_ips": [
              ""
            ],
            "replication_subnet_group_id": "sng-teste-migracao",
            "tags": null,
            "tags_all": {},
            "timeouts": null,
            "vpc_security_group_ids": [
              "sg-02a902d89ac8c34e5"
            ]
          },
          "sensitive_attributes": [],
          "private": "eyJlMmJmYjczMC1lY2FhLTExZTYtOGY4OC0zNDM2M2JjN2M0YzAiOnsiY3JlYXRlIjoyNDAwMDAwMDAwMDAwLCJkZWxldGUiOjE4MDAwMDAwMDAwMDAsInVwZGF0ZSI6MTgwMDAwMDAwMDAwMH19"
        }
      ]
    },
    {
      "mode": "managed",
      "type": "aws_dms_replication_task",
      "name": "task-migracao-digitalCertificateWebhook",
      "provider": "provider[\"registry.terraform.io/hashicorp/aws\"]",
      "instances": [
        {
          "schema_version": 0,
          "attributes": {
            "cdc_start_position": "",
            "cdc_start_time": null,
            "id": "task-migracao-digitalCertificateWebhook",
            "migration_type": "full-load-and-cdc",
            "replication_instance_arn": "arn:aws:dms:sa-east-1:492208500822:rep:PE3OLDYIYQWMZ6LH7B5K47EIMMZEH4LM5EG4SII",
            "replication_task_arn": "arn:aws:dms:sa-east-1:492208500822:task:W5W2K6PUT2N3USSPDGI4IDTM27CS3J454AKCKZQ",
            "replication_task_id": "task-migracao-digitalcertificatewebhook",
            "replication_task_settings": "{\"BeforeImageSettings\":null,\"ChangeProcessingDdlHandlingPolicy\":{\"HandleSourceTableAltered\":true,\"HandleSourceTableDropped\":true,\"HandleSourceTableTruncated\":true},\"ChangeProcessingTuning\":{\"BatchApplyMemoryLimit\":500,\"BatchApplyPreserveTransaction\":true,\"BatchApplyTimeoutMax\":30,\"BatchApplyTimeoutMin\":1,\"BatchSplitSize\":0,\"CommitTimeout\":1,\"MemoryKeepTime\":60,\"MemoryLimitTotal\":1024,\"MinTransactionSize\":1000,\"StatementCacheSize\":50},\"CharacterSetSettings\":null,\"ControlTablesSettings\":{\"ControlSchema\":\"\",\"FullLoadExceptionTableEnabled\":false,\"HistoryTableEnabled\":false,\"HistoryTimeslotInMinutes\":5,\"StatusTableEnabled\":false,\"SuspendedTablesTableEnabled\":false},\"ErrorBehavior\":{\"ApplyErrorDeletePolicy\":\"IGNORE_RECORD\",\"ApplyErrorEscalationCount\":0,\"ApplyErrorEscalationPolicy\":\"LOG_ERROR\",\"ApplyErrorFailOnTruncationDdl\":false,\"ApplyErrorInsertPolicy\":\"LOG_ERROR\",\"ApplyErrorUpdatePolicy\":\"LOG_ERROR\",\"DataErrorEscalationCount\":0,\"DataErrorEscalationPolicy\":\"SUSPEND_TABLE\",\"DataErrorPolicy\":\"LOG_ERROR\",\"DataTruncationErrorPolicy\":\"LOG_ERROR\",\"EventErrorPolicy\":\"IGNORE\",\"FailOnNoTablesCaptured\":true,\"FailOnTransactionConsistencyBreached\":false,\"FullLoadIgnoreConflicts\":true,\"RecoverableErrorCount\":-1,\"RecoverableErrorInterval\":5,\"RecoverableErrorStopRetryAfterThrottlingMax\":true,\"RecoverableErrorThrottling\":true,\"RecoverableErrorThrottlingMax\":1800,\"TableErrorEscalationCount\":0,\"TableErrorEscalationPolicy\":\"STOP_TASK\",\"TableErrorPolicy\":\"SUSPEND_TABLE\"},\"FailTaskWhenCleanTaskResourceFailed\":false,\"FullLoadSettings\":{\"CommitRate\":10000,\"CreatePkAfterFullLoad\":false,\"MaxFullLoadSubTasks\":8,\"StopTaskCachedChangesApplied\":false,\"StopTaskCachedChangesNotApplied\":false,\"TargetTablePrepMode\":\"DO_NOTHING\",\"TransactionConsistencyTimeout\":600},\"Logging\":{\"EnableLogContext\":false,\"EnableLogging\":true,\"LogComponents\":[{\"Id\":\"DATA_STRUCTURE\",\"Severity\":\"LOGGER_SEVERITY_DEFAULT\"},{\"Id\":\"COMMUNICATION\",\"Severity\":\"LOGGER_SEVERITY_DEFAULT\"},{\"Id\":\"IO\",\"Severity\":\"LOGGER_SEVERITY_DEFAULT\"},{\"Id\":\"COMMON\",\"Severity\":\"LOGGER_SEVERITY_DEFAULT\"},{\"Id\":\"FILE_FACTORY\",\"Severity\":\"LOGGER_SEVERITY_DEFAULT\"},{\"Id\":\"FILE_TRANSFER\",\"Severity\":\"LOGGER_SEVERITY_DEFAULT\"},{\"Id\":\"REST_SERVER\",\"Severity\":\"LOGGER_SEVERITY_DEFAULT\"},{\"Id\":\"ADDONS\",\"Severity\":\"LOGGER_SEVERITY_DEFAULT\"},{\"Id\":\"TARGET_LOAD\",\"Severity\":\"LOGGER_SEVERITY_DEFAULT\"},{\"Id\":\"TARGET_APPLY\",\"Severity\":\"LOGGER_SEVERITY_DEFAULT\"},{\"Id\":\"SOURCE_UNLOAD\",\"Severity\":\"LOGGER_SEVERITY_DEFAULT\"},{\"Id\":\"SOURCE_CAPTURE\",\"Severity\":\"LOGGER_SEVERITY_DEFAULT\"},{\"Id\":\"TRANSFORMATION\",\"Severity\":\"LOGGER_SEVERITY_DEFAULT\"},{\"Id\":\"SORTER\",\"Severity\":\"LOGGER_SEVERITY_DEFAULT\"},{\"Id\":\"TASK_MANAGER\",\"Severity\":\"LOGGER_SEVERITY_DEFAULT\"},{\"Id\":\"TABLES_MANAGER\",\"Severity\":\"LOGGER_SEVERITY_DEFAULT\"},{\"Id\":\"METADATA_MANAGER\",\"Severity\":\"LOGGER_SEVERITY_DEFAULT\"},{\"Id\":\"PERFORMANCE\",\"Severity\":\"LOGGER_SEVERITY_DEFAULT\"},{\"Id\":\"VALIDATOR_EXT\",\"Severity\":\"LOGGER_SEVERITY_DEFAULT\"}]},\"LoopbackPreventionSettings\":null,\"PostProcessingRules\":null,\"StreamBufferSettings\":{\"CtrlStreamBufferSizeInMB\":5,\"StreamBufferCount\":3,\"StreamBufferSizeInMB\":8},\"TTSettings\":{\"EnableTT\":false,\"TTRecordSettings\":null,\"TTS3Settings\":null},\"TargetMetadata\":{\"BatchApplyEnabled\":false,\"FullLobMode\":false,\"InlineLobMaxSize\":0,\"LimitedSizeLobMode\":true,\"LoadMaxFileSize\":0,\"LobChunkSize\":64,\"LobMaxSize\":32,\"ParallelApplyBufferSize\":0,\"ParallelApplyQueuesPerThread\":0,\"ParallelApplyThreads\":0,\"ParallelLoadBufferSize\":0,\"ParallelLoadQueuesPerThread\":0,\"ParallelLoadThreads\":0,\"SupportLobs\":true,\"TargetSchema\":\"\",\"TaskRecoveryTableEnabled\":false}}",
            "source_endpoint_arn": "arn:aws:dms:sa-east-1:492208500822:endpoint:OQFWMFTNJQFVNKHR2HK56DVXZJOVCBRERATLFXY",
            "start_replication_task": false,
            "status": "ready",
            "table_mappings": "{\"rules\":[{\"rule-type\":\"selection\",\"rule-id\":\"1\",\"rule-name\":\"1\",\"object-locator\":{\"schema-name\":\"digitalCertificateWebhook\",\"table-name\":\"%\"},\"rule-action\":\"include\"}]}",
            "tags": null,
            "tags_all": {},
            "target_endpoint_arn": "arn:aws:dms:sa-east-1:492208500822:endpoint:5FMVQSQURB2NUUO37JHDWREAH3TSSNAPOUWVVDI"
          },
          "sensitive_attributes": [],
          "private": "bnVsbA==",
          "dependencies": [
            "aws_dms_endpoint.source-endpoint-digitalCertificateWebhook",
            "aws_dms_endpoint.target-endpoint-digitalCertificateWebhook",
            "aws_dms_replication_instance.migracao-bancos-mongo"
          ]
        }
      ]
    },
    {
      "mode": "managed",
      "type": "aws_dms_replication_task",
      "name": "task-migracao-emailValidation",
      "provider": "provider[\"registry.terraform.io/hashicorp/aws\"]",
      "instances": [
        {
          "schema_version": 0,
          "attributes": {
            "cdc_start_position": "",
            "cdc_start_time": null,
            "id": "task-migracao-emailValidation",
            "migration_type": "full-load-and-cdc",
            "replication_instance_arn": "arn:aws:dms:sa-east-1:492208500822:rep:PE3OLDYIYQWMZ6LH7B5K47EIMMZEH4LM5EG4SII",
            "replication_task_arn": "arn:aws:dms:sa-east-1:492208500822:task:LAAXV732F3SXV7GTKXD6FJRZS5DTUY5Y7XA2MWI",
            "replication_task_id": "task-migracao-emailvalidation",
            "replication_task_settings": "{\"BeforeImageSettings\":null,\"ChangeProcessingDdlHandlingPolicy\":{\"HandleSourceTableAltered\":true,\"HandleSourceTableDropped\":true,\"HandleSourceTableTruncated\":true},\"ChangeProcessingTuning\":{\"BatchApplyMemoryLimit\":500,\"BatchApplyPreserveTransaction\":true,\"BatchApplyTimeoutMax\":30,\"BatchApplyTimeoutMin\":1,\"BatchSplitSize\":0,\"CommitTimeout\":1,\"MemoryKeepTime\":60,\"MemoryLimitTotal\":1024,\"MinTransactionSize\":1000,\"StatementCacheSize\":50},\"CharacterSetSettings\":null,\"ControlTablesSettings\":{\"ControlSchema\":\"\",\"FullLoadExceptionTableEnabled\":false,\"HistoryTableEnabled\":false,\"HistoryTimeslotInMinutes\":5,\"StatusTableEnabled\":false,\"SuspendedTablesTableEnabled\":false},\"ErrorBehavior\":{\"ApplyErrorDeletePolicy\":\"IGNORE_RECORD\",\"ApplyErrorEscalationCount\":0,\"ApplyErrorEscalationPolicy\":\"LOG_ERROR\",\"ApplyErrorFailOnTruncationDdl\":false,\"ApplyErrorInsertPolicy\":\"LOG_ERROR\",\"ApplyErrorUpdatePolicy\":\"LOG_ERROR\",\"DataErrorEscalationCount\":0,\"DataErrorEscalationPolicy\":\"SUSPEND_TABLE\",\"DataErrorPolicy\":\"LOG_ERROR\",\"DataTruncationErrorPolicy\":\"LOG_ERROR\",\"EventErrorPolicy\":\"IGNORE\",\"FailOnNoTablesCaptured\":true,\"FailOnTransactionConsistencyBreached\":false,\"FullLoadIgnoreConflicts\":true,\"RecoverableErrorCount\":-1,\"RecoverableErrorInterval\":5,\"RecoverableErrorStopRetryAfterThrottlingMax\":true,\"RecoverableErrorThrottling\":true,\"RecoverableErrorThrottlingMax\":1800,\"TableErrorEscalationCount\":0,\"TableErrorEscalationPolicy\":\"STOP_TASK\",\"TableErrorPolicy\":\"SUSPEND_TABLE\"},\"FailTaskWhenCleanTaskResourceFailed\":false,\"FullLoadSettings\":{\"CommitRate\":10000,\"CreatePkAfterFullLoad\":false,\"MaxFullLoadSubTasks\":8,\"StopTaskCachedChangesApplied\":false,\"StopTaskCachedChangesNotApplied\":false,\"TargetTablePrepMode\":\"DO_NOTHING\",\"TransactionConsistencyTimeout\":600},\"Logging\":{\"EnableLogContext\":false,\"EnableLogging\":true,\"LogComponents\":[{\"Id\":\"DATA_STRUCTURE\",\"Severity\":\"LOGGER_SEVERITY_DEFAULT\"},{\"Id\":\"COMMUNICATION\",\"Severity\":\"LOGGER_SEVERITY_DEFAULT\"},{\"Id\":\"IO\",\"Severity\":\"LOGGER_SEVERITY_DEFAULT\"},{\"Id\":\"COMMON\",\"Severity\":\"LOGGER_SEVERITY_DEFAULT\"},{\"Id\":\"FILE_FACTORY\",\"Severity\":\"LOGGER_SEVERITY_DEFAULT\"},{\"Id\":\"FILE_TRANSFER\",\"Severity\":\"LOGGER_SEVERITY_DEFAULT\"},{\"Id\":\"REST_SERVER\",\"Severity\":\"LOGGER_SEVERITY_DEFAULT\"},{\"Id\":\"ADDONS\",\"Severity\":\"LOGGER_SEVERITY_DEFAULT\"},{\"Id\":\"TARGET_LOAD\",\"Severity\":\"LOGGER_SEVERITY_DEFAULT\"},{\"Id\":\"TARGET_APPLY\",\"Severity\":\"LOGGER_SEVERITY_DEFAULT\"},{\"Id\":\"SOURCE_UNLOAD\",\"Severity\":\"LOGGER_SEVERITY_DEFAULT\"},{\"Id\":\"SOURCE_CAPTURE\",\"Severity\":\"LOGGER_SEVERITY_DEFAULT\"},{\"Id\":\"TRANSFORMATION\",\"Severity\":\"LOGGER_SEVERITY_DEFAULT\"},{\"Id\":\"SORTER\",\"Severity\":\"LOGGER_SEVERITY_DEFAULT\"},{\"Id\":\"TASK_MANAGER\",\"Severity\":\"LOGGER_SEVERITY_DEFAULT\"},{\"Id\":\"TABLES_MANAGER\",\"Severity\":\"LOGGER_SEVERITY_DEFAULT\"},{\"Id\":\"METADATA_MANAGER\",\"Severity\":\"LOGGER_SEVERITY_DEFAULT\"},{\"Id\":\"PERFORMANCE\",\"Severity\":\"LOGGER_SEVERITY_DEFAULT\"},{\"Id\":\"VALIDATOR_EXT\",\"Severity\":\"LOGGER_SEVERITY_DEFAULT\"}]},\"LoopbackPreventionSettings\":null,\"PostProcessingRules\":null,\"StreamBufferSettings\":{\"CtrlStreamBufferSizeInMB\":5,\"StreamBufferCount\":3,\"StreamBufferSizeInMB\":8},\"TTSettings\":{\"EnableTT\":false,\"TTRecordSettings\":null,\"TTS3Settings\":null},\"TargetMetadata\":{\"BatchApplyEnabled\":false,\"FullLobMode\":false,\"InlineLobMaxSize\":0,\"LimitedSizeLobMode\":true,\"LoadMaxFileSize\":0,\"LobChunkSize\":64,\"LobMaxSize\":32,\"ParallelApplyBufferSize\":0,\"ParallelApplyQueuesPerThread\":0,\"ParallelApplyThreads\":0,\"ParallelLoadBufferSize\":0,\"ParallelLoadQueuesPerThread\":0,\"ParallelLoadThreads\":0,\"SupportLobs\":true,\"TargetSchema\":\"\",\"TaskRecoveryTableEnabled\":false}}",
            "source_endpoint_arn": "arn:aws:dms:sa-east-1:492208500822:endpoint:MGJCB57HRECC5GBSUOVCNWQJJKROQR7PMIKTY3Y",
            "start_replication_task": false,
            "status": "ready",
            "table_mappings": "{\"rules\":[{\"rule-type\":\"selection\",\"rule-id\":\"1\",\"rule-name\":\"1\",\"object-locator\":{\"schema-name\":\"emailValidation\",\"table-name\":\"%\"},\"rule-action\":\"include\"}]}",
            "tags": null,
            "tags_all": {},
            "target_endpoint_arn": "arn:aws:dms:sa-east-1:492208500822:endpoint:3LZHORCCWXM2ECMAGYJWEASYUANCMTKMGR3XGUI"
          },
          "sensitive_attributes": [],
          "private": "bnVsbA==",
          "dependencies": [
            "aws_dms_endpoint.source-endpoint-emailValidation",
            "aws_dms_endpoint.target-endpoint-emailValidation",
            "aws_dms_replication_instance.migracao-bancos-mongo"
          ]
        }
      ]
    },
    {
      "mode": "managed",
      "type": "aws_dms_replication_task",
      "name": "task-migracao-ordersession",
      "provider": "provider[\"registry.terraform.io/hashicorp/aws\"]",
      "instances": [
        {
          "schema_version": 0,
          "attributes": {
            "cdc_start_position": "",
            "cdc_start_time": null,
            "id": "task-migracao-ordersession",
            "migration_type": "full-load-and-cdc",
            "replication_instance_arn": "arn:aws:dms:sa-east-1:492208500822:rep:PE3OLDYIYQWMZ6LH7B5K47EIMMZEH4LM5EG4SII",
            "replication_task_arn": "arn:aws:dms:sa-east-1:492208500822:task:J2AQIHQJ5XGH7VPAA3K67ZKE5KB5SDZOGDRJTCQ",
            "replication_task_id": "task-migracao-ordersession",
            "replication_task_settings": "{\"BeforeImageSettings\":null,\"ChangeProcessingDdlHandlingPolicy\":{\"HandleSourceTableAltered\":true,\"HandleSourceTableDropped\":true,\"HandleSourceTableTruncated\":true},\"ChangeProcessingTuning\":{\"BatchApplyMemoryLimit\":500,\"BatchApplyPreserveTransaction\":true,\"BatchApplyTimeoutMax\":30,\"BatchApplyTimeoutMin\":1,\"BatchSplitSize\":0,\"CommitTimeout\":1,\"MemoryKeepTime\":60,\"MemoryLimitTotal\":1024,\"MinTransactionSize\":1000,\"StatementCacheSize\":50},\"CharacterSetSettings\":null,\"ControlTablesSettings\":{\"ControlSchema\":\"\",\"FullLoadExceptionTableEnabled\":false,\"HistoryTableEnabled\":false,\"HistoryTimeslotInMinutes\":5,\"StatusTableEnabled\":false,\"SuspendedTablesTableEnabled\":false},\"ErrorBehavior\":{\"ApplyErrorDeletePolicy\":\"IGNORE_RECORD\",\"ApplyErrorEscalationCount\":0,\"ApplyErrorEscalationPolicy\":\"LOG_ERROR\",\"ApplyErrorFailOnTruncationDdl\":false,\"ApplyErrorInsertPolicy\":\"LOG_ERROR\",\"ApplyErrorUpdatePolicy\":\"LOG_ERROR\",\"DataErrorEscalationCount\":0,\"DataErrorEscalationPolicy\":\"SUSPEND_TABLE\",\"DataErrorPolicy\":\"LOG_ERROR\",\"DataTruncationErrorPolicy\":\"LOG_ERROR\",\"EventErrorPolicy\":\"IGNORE\",\"FailOnNoTablesCaptured\":true,\"FailOnTransactionConsistencyBreached\":false,\"FullLoadIgnoreConflicts\":true,\"RecoverableErrorCount\":-1,\"RecoverableErrorInterval\":5,\"RecoverableErrorStopRetryAfterThrottlingMax\":true,\"RecoverableErrorThrottling\":true,\"RecoverableErrorThrottlingMax\":1800,\"TableErrorEscalationCount\":0,\"TableErrorEscalationPolicy\":\"STOP_TASK\",\"TableErrorPolicy\":\"SUSPEND_TABLE\"},\"FailTaskWhenCleanTaskResourceFailed\":false,\"FullLoadSettings\":{\"CommitRate\":10000,\"CreatePkAfterFullLoad\":false,\"MaxFullLoadSubTasks\":8,\"StopTaskCachedChangesApplied\":false,\"StopTaskCachedChangesNotApplied\":false,\"TargetTablePrepMode\":\"DO_NOTHING\",\"TransactionConsistencyTimeout\":600},\"Logging\":{\"EnableLogContext\":false,\"EnableLogging\":true,\"LogComponents\":[{\"Id\":\"DATA_STRUCTURE\",\"Severity\":\"LOGGER_SEVERITY_DEFAULT\"},{\"Id\":\"COMMUNICATION\",\"Severity\":\"LOGGER_SEVERITY_DEFAULT\"},{\"Id\":\"IO\",\"Severity\":\"LOGGER_SEVERITY_DEFAULT\"},{\"Id\":\"COMMON\",\"Severity\":\"LOGGER_SEVERITY_DEFAULT\"},{\"Id\":\"FILE_FACTORY\",\"Severity\":\"LOGGER_SEVERITY_DEFAULT\"},{\"Id\":\"FILE_TRANSFER\",\"Severity\":\"LOGGER_SEVERITY_DEFAULT\"},{\"Id\":\"REST_SERVER\",\"Severity\":\"LOGGER_SEVERITY_DEFAULT\"},{\"Id\":\"ADDONS\",\"Severity\":\"LOGGER_SEVERITY_DEFAULT\"},{\"Id\":\"TARGET_LOAD\",\"Severity\":\"LOGGER_SEVERITY_DEFAULT\"},{\"Id\":\"TARGET_APPLY\",\"Severity\":\"LOGGER_SEVERITY_DEFAULT\"},{\"Id\":\"SOURCE_UNLOAD\",\"Severity\":\"LOGGER_SEVERITY_DEFAULT\"},{\"Id\":\"SOURCE_CAPTURE\",\"Severity\":\"LOGGER_SEVERITY_DEFAULT\"},{\"Id\":\"TRANSFORMATION\",\"Severity\":\"LOGGER_SEVERITY_DEFAULT\"},{\"Id\":\"SORTER\",\"Severity\":\"LOGGER_SEVERITY_DEFAULT\"},{\"Id\":\"TASK_MANAGER\",\"Severity\":\"LOGGER_SEVERITY_DEFAULT\"},{\"Id\":\"TABLES_MANAGER\",\"Severity\":\"LOGGER_SEVERITY_DEFAULT\"},{\"Id\":\"METADATA_MANAGER\",\"Severity\":\"LOGGER_SEVERITY_DEFAULT\"},{\"Id\":\"PERFORMANCE\",\"Severity\":\"LOGGER_SEVERITY_DEFAULT\"},{\"Id\":\"VALIDATOR_EXT\",\"Severity\":\"LOGGER_SEVERITY_DEFAULT\"}]},\"LoopbackPreventionSettings\":null,\"PostProcessingRules\":null,\"StreamBufferSettings\":{\"CtrlStreamBufferSizeInMB\":5,\"StreamBufferCount\":3,\"StreamBufferSizeInMB\":8},\"TTSettings\":{\"EnableTT\":false,\"TTRecordSettings\":null,\"TTS3Settings\":null},\"TargetMetadata\":{\"BatchApplyEnabled\":false,\"FullLobMode\":false,\"InlineLobMaxSize\":0,\"LimitedSizeLobMode\":true,\"LoadMaxFileSize\":0,\"LobChunkSize\":64,\"LobMaxSize\":32,\"ParallelApplyBufferSize\":0,\"ParallelApplyQueuesPerThread\":0,\"ParallelApplyThreads\":0,\"ParallelLoadBufferSize\":0,\"ParallelLoadQueuesPerThread\":0,\"ParallelLoadThreads\":0,\"SupportLobs\":true,\"TargetSchema\":\"\",\"TaskRecoveryTableEnabled\":false}}",
            "source_endpoint_arn": "arn:aws:dms:sa-east-1:492208500822:endpoint:WXZACNARLBP7DR4NKATSEB5GTRVV4WIQ7ZUMKWY",
            "start_replication_task": false,
            "status": "ready",
            "table_mappings": "{\"rules\":[{\"rule-type\":\"selection\",\"rule-id\":\"1\",\"rule-name\":\"1\",\"object-locator\":{\"schema-name\":\"ordersession\",\"table-name\":\"%\"},\"rule-action\":\"include\"}]}",
            "tags": null,
            "tags_all": {},
            "target_endpoint_arn": "arn:aws:dms:sa-east-1:492208500822:endpoint:HBFVPWR3BXN7UZO6XQKS4KZ5UYCBXDLAXU6PKAY"
          },
          "sensitive_attributes": [],
          "private": "bnVsbA==",
          "dependencies": [
            "aws_dms_endpoint.source-endpoint-ordersession",
            "aws_dms_endpoint.target-endpoint-ordersession",
            "aws_dms_replication_instance.migracao-bancos-mongo"
          ]
        }
      ]
    },
    {
      "mode": "managed",
      "type": "aws_dms_replication_task",
      "name": "task-migracao-sms",
      "provider": "provider[\"registry.terraform.io/hashicorp/aws\"]",
      "instances": [
        {
          "schema_version": 0,
          "attributes": {
            "cdc_start_position": "",
            "cdc_start_time": null,
            "id": "task-migracao-sms",
            "migration_type": "full-load-and-cdc",
            "replication_instance_arn": "arn:aws:dms:sa-east-1:492208500822:rep:PE3OLDYIYQWMZ6LH7B5K47EIMMZEH4LM5EG4SII",
            "replication_task_arn": "arn:aws:dms:sa-east-1:492208500822:task:NGZ6XGZTUGVPDCGHWNCNBJJKTQ5LKCHZUNRK7VY",
            "replication_task_id": "task-migracao-sms",
            "replication_task_settings": "{\"BeforeImageSettings\":null,\"ChangeProcessingDdlHandlingPolicy\":{\"HandleSourceTableAltered\":true,\"HandleSourceTableDropped\":true,\"HandleSourceTableTruncated\":true},\"ChangeProcessingTuning\":{\"BatchApplyMemoryLimit\":500,\"BatchApplyPreserveTransaction\":true,\"BatchApplyTimeoutMax\":30,\"BatchApplyTimeoutMin\":1,\"BatchSplitSize\":0,\"CommitTimeout\":1,\"MemoryKeepTime\":60,\"MemoryLimitTotal\":1024,\"MinTransactionSize\":1000,\"StatementCacheSize\":50},\"CharacterSetSettings\":null,\"ControlTablesSettings\":{\"ControlSchema\":\"\",\"FullLoadExceptionTableEnabled\":false,\"HistoryTableEnabled\":false,\"HistoryTimeslotInMinutes\":5,\"StatusTableEnabled\":false,\"SuspendedTablesTableEnabled\":false},\"ErrorBehavior\":{\"ApplyErrorDeletePolicy\":\"IGNORE_RECORD\",\"ApplyErrorEscalationCount\":0,\"ApplyErrorEscalationPolicy\":\"LOG_ERROR\",\"ApplyErrorFailOnTruncationDdl\":false,\"ApplyErrorInsertPolicy\":\"LOG_ERROR\",\"ApplyErrorUpdatePolicy\":\"LOG_ERROR\",\"DataErrorEscalationCount\":0,\"DataErrorEscalationPolicy\":\"SUSPEND_TABLE\",\"DataErrorPolicy\":\"LOG_ERROR\",\"DataTruncationErrorPolicy\":\"LOG_ERROR\",\"EventErrorPolicy\":\"IGNORE\",\"FailOnNoTablesCaptured\":true,\"FailOnTransactionConsistencyBreached\":false,\"FullLoadIgnoreConflicts\":true,\"RecoverableErrorCount\":-1,\"RecoverableErrorInterval\":5,\"RecoverableErrorStopRetryAfterThrottlingMax\":true,\"RecoverableErrorThrottling\":true,\"RecoverableErrorThrottlingMax\":1800,\"TableErrorEscalationCount\":0,\"TableErrorEscalationPolicy\":\"STOP_TASK\",\"TableErrorPolicy\":\"SUSPEND_TABLE\"},\"FailTaskWhenCleanTaskResourceFailed\":false,\"FullLoadSettings\":{\"CommitRate\":10000,\"CreatePkAfterFullLoad\":false,\"MaxFullLoadSubTasks\":8,\"StopTaskCachedChangesApplied\":false,\"StopTaskCachedChangesNotApplied\":false,\"TargetTablePrepMode\":\"DO_NOTHING\",\"TransactionConsistencyTimeout\":600},\"Logging\":{\"EnableLogContext\":false,\"EnableLogging\":true,\"LogComponents\":[{\"Id\":\"DATA_STRUCTURE\",\"Severity\":\"LOGGER_SEVERITY_DEFAULT\"},{\"Id\":\"COMMUNICATION\",\"Severity\":\"LOGGER_SEVERITY_DEFAULT\"},{\"Id\":\"IO\",\"Severity\":\"LOGGER_SEVERITY_DEFAULT\"},{\"Id\":\"COMMON\",\"Severity\":\"LOGGER_SEVERITY_DEFAULT\"},{\"Id\":\"FILE_FACTORY\",\"Severity\":\"LOGGER_SEVERITY_DEFAULT\"},{\"Id\":\"FILE_TRANSFER\",\"Severity\":\"LOGGER_SEVERITY_DEFAULT\"},{\"Id\":\"REST_SERVER\",\"Severity\":\"LOGGER_SEVERITY_DEFAULT\"},{\"Id\":\"ADDONS\",\"Severity\":\"LOGGER_SEVERITY_DEFAULT\"},{\"Id\":\"TARGET_LOAD\",\"Severity\":\"LOGGER_SEVERITY_DEFAULT\"},{\"Id\":\"TARGET_APPLY\",\"Severity\":\"LOGGER_SEVERITY_DEFAULT\"},{\"Id\":\"SOURCE_UNLOAD\",\"Severity\":\"LOGGER_SEVERITY_DEFAULT\"},{\"Id\":\"SOURCE_CAPTURE\",\"Severity\":\"LOGGER_SEVERITY_DEFAULT\"},{\"Id\":\"TRANSFORMATION\",\"Severity\":\"LOGGER_SEVERITY_DEFAULT\"},{\"Id\":\"SORTER\",\"Severity\":\"LOGGER_SEVERITY_DEFAULT\"},{\"Id\":\"TASK_MANAGER\",\"Severity\":\"LOGGER_SEVERITY_DEFAULT\"},{\"Id\":\"TABLES_MANAGER\",\"Severity\":\"LOGGER_SEVERITY_DEFAULT\"},{\"Id\":\"METADATA_MANAGER\",\"Severity\":\"LOGGER_SEVERITY_DEFAULT\"},{\"Id\":\"PERFORMANCE\",\"Severity\":\"LOGGER_SEVERITY_DEFAULT\"},{\"Id\":\"VALIDATOR_EXT\",\"Severity\":\"LOGGER_SEVERITY_DEFAULT\"}]},\"LoopbackPreventionSettings\":null,\"PostProcessingRules\":null,\"StreamBufferSettings\":{\"CtrlStreamBufferSizeInMB\":5,\"StreamBufferCount\":3,\"StreamBufferSizeInMB\":8},\"TTSettings\":{\"EnableTT\":false,\"TTRecordSettings\":null,\"TTS3Settings\":null},\"TargetMetadata\":{\"BatchApplyEnabled\":false,\"FullLobMode\":false,\"InlineLobMaxSize\":0,\"LimitedSizeLobMode\":true,\"LoadMaxFileSize\":0,\"LobChunkSize\":64,\"LobMaxSize\":32,\"ParallelApplyBufferSize\":0,\"ParallelApplyQueuesPerThread\":0,\"ParallelApplyThreads\":0,\"ParallelLoadBufferSize\":0,\"ParallelLoadQueuesPerThread\":0,\"ParallelLoadThreads\":0,\"SupportLobs\":true,\"TargetSchema\":\"\",\"TaskRecoveryTableEnabled\":false}}",
            "source_endpoint_arn": "arn:aws:dms:sa-east-1:492208500822:endpoint:3UBKU7VDRDD5VODGMRO3RWCUX5UYUHD4ZD5MVOY",
            "start_replication_task": false,
            "status": "ready",
            "table_mappings": "{\"rules\":[{\"rule-type\":\"selection\",\"rule-id\":\"1\",\"rule-name\":\"1\",\"object-locator\":{\"schema-name\":\"sms\",\"table-name\":\"%\"},\"rule-action\":\"include\"}]}",
            "tags": null,
            "tags_all": {},
            "target_endpoint_arn": "arn:aws:dms:sa-east-1:492208500822:endpoint:AXXEPIW2XKZI4IET6P4ZGBZ47FZUB5XB6NV7BSY"
          },
          "sensitive_attributes": [],
          "private": "bnVsbA==",
          "dependencies": [
            "aws_dms_endpoint.source-endpoint-sms",
            "aws_dms_endpoint.target-endpoint-sms",
            "aws_dms_replication_instance.migracao-bancos-mongo"
          ]
        }
      ]
    }
  ],
  "check_results": null
}
