{
  "version": 4,
  "terraform_version": "1.4.2",
  "serial": 56,
  "lineage": "84580835-b165-eed4-6471-2d75269faf26",
  "outputs": {},
  "resources": [
    {
      "mode": "managed",
      "type": "aws_dms_endpoint",
      "name": "source-endpoint-payment",
      "provider": "provider[\"registry.terraform.io/hashicorp/aws\"]",
      "instances": [
        {
          "schema_version": 0,
          "attributes": {
            "certificate_arn": "",
            "database_name": "payment",
            "elasticsearch_settings": [],
            "endpoint_arn": "arn:aws:dms:sa-east-1:492208500822:endpoint:GDZ3WKLW5EXNFUQRLFKQCL6UG2JEAA5ZXDGIHBY",
            "endpoint_id": "source-migracao-mongodb-digital-commerce-services-payment",
            "endpoint_type": "source",
            "engine_name": "mongodb",
            "extra_connection_attributes": "authMechanism=DEFAULT;authSource=admin;authType=PASSWORD;docsToInvestigate=1000;extractDocId=false;nestingLevel=NONE;",
            "id": "source-migracao-mongodb-digital-commerce-services-payment",
            "kafka_settings": [],
            "kinesis_settings": [],
            "kms_key_arn": "arn:aws:kms:sa-east-1:492208500822:key/a64924db-7648-4ce2-92b2-295ab2a50ab2",
            "mongodb_settings": [
              {
                "auth_mechanism": "default",
                "auth_source": "admin",
                "auth_type": "password",
                "docs_to_investigate": "1000",
                "extract_doc_id": "false",
                "nesting_level": "none"
              }
            ],
            "password": "123Troc@r",
            "port": 27017,
            "redis_settings": [],
            "redshift_settings": [],
            "s3_settings": [],
            "secrets_manager_access_role_arn": "",
            "secrets_manager_arn": "",
            "server_name": "10.97.55.89",
            "service_access_role": null,
            "ssl_mode": "none",
            "tags": {
              "Name": "source-migracao-mongodb-digital-commerce-services-payment"
            },
            "tags_all": {
              "Name": "source-migracao-mongodb-digital-commerce-services-payment"
            },
            "timeouts": null,
            "username": "migracao-database"
          },
          "sensitive_attributes": [],
          "private": "eyJlMmJmYjczMC1lY2FhLTExZTYtOGY4OC0zNDM2M2JjN2M0YzAiOnsiY3JlYXRlIjozMDAwMDAwMDAwMDAsImRlbGV0ZSI6NjAwMDAwMDAwMDAwfX0="
        }
      ]
    },
    {
      "mode": "managed",
      "type": "aws_dms_endpoint",
      "name": "source-endpoint-salesFraudScreening",
      "provider": "provider[\"registry.terraform.io/hashicorp/aws\"]",
      "instances": [
        {
          "schema_version": 0,
          "attributes": {
            "certificate_arn": "",
            "database_name": "salesFraudScreening",
            "elasticsearch_settings": [],
            "endpoint_arn": "arn:aws:dms:sa-east-1:492208500822:endpoint:4MZD4KOCWB4UVOF2U3XQHR4GC5LZTVP6WVKUEUQ",
            "endpoint_id": "source-migracao-mongodb-digital-commerce-services-salesfraudscreening",
            "endpoint_type": "source",
            "engine_name": "mongodb",
            "extra_connection_attributes": "authMechanism=DEFAULT;authSource=admin;authType=PASSWORD;docsToInvestigate=1000;extractDocId=false;nestingLevel=NONE;",
            "id": "source-migracao-mongodb-digital-commerce-services-salesfraudscreening",
            "kafka_settings": [],
            "kinesis_settings": [],
            "kms_key_arn": "arn:aws:kms:sa-east-1:492208500822:key/a64924db-7648-4ce2-92b2-295ab2a50ab2",
            "mongodb_settings": [
              {
                "auth_mechanism": "default",
                "auth_source": "admin",
                "auth_type": "password",
                "docs_to_investigate": "1000",
                "extract_doc_id": "false",
                "nesting_level": "none"
              }
            ],
            "password": "123Troc@r",
            "port": 27017,
            "redis_settings": [],
            "redshift_settings": [],
            "s3_settings": [],
            "secrets_manager_access_role_arn": "",
            "secrets_manager_arn": "",
            "server_name": "10.97.55.70",
            "service_access_role": null,
            "ssl_mode": "none",
            "tags": {
              "Name": "source-migracao-mongodb-digital-commerce-services-salesFraudScreening"
            },
            "tags_all": {
              "Name": "source-migracao-mongodb-digital-commerce-services-salesFraudScreening"
            },
            "timeouts": null,
            "username": "migracao-database"
          },
          "sensitive_attributes": [],
          "private": "eyJlMmJmYjczMC1lY2FhLTExZTYtOGY4OC0zNDM2M2JjN2M0YzAiOnsiY3JlYXRlIjozMDAwMDAwMDAwMDAsImRlbGV0ZSI6NjAwMDAwMDAwMDAwfX0="
        }
      ]
    },
    {
      "mode": "managed",
      "type": "aws_dms_endpoint",
      "name": "target-endpoint-payment",
      "provider": "provider[\"registry.terraform.io/hashicorp/aws\"]",
      "instances": [
        {
          "schema_version": 0,
          "attributes": {
            "certificate_arn": "",
            "database_name": "payment",
            "elasticsearch_settings": [],
            "endpoint_arn": "arn:aws:dms:sa-east-1:492208500822:endpoint:E3DOBJH2MM7DC4ZUSYV6BBNJAPUDFJK5AIMM7KY",
            "endpoint_id": "target-migracao-mongodb-digital-commerce-services-payment",
            "endpoint_type": "target",
            "engine_name": "docdb",
            "extra_connection_attributes": "",
            "id": "target-migracao-mongodb-digital-commerce-services-payment",
            "kafka_settings": [],
            "kinesis_settings": [],
            "kms_key_arn": "arn:aws:kms:sa-east-1:492208500822:key/a64924db-7648-4ce2-92b2-295ab2a50ab2",
            "mongodb_settings": [
              {
                "auth_mechanism": "default",
                "auth_source": "admin",
                "auth_type": "password",
                "docs_to_investigate": "1000",
                "extract_doc_id": "false",
                "nesting_level": "none"
              }
            ],
            "password": "123Troc@r",
            "port": 27017,
            "redis_settings": [],
            "redshift_settings": [],
            "s3_settings": [],
            "secrets_manager_access_role_arn": null,
            "secrets_manager_arn": null,
            "server_name": "10.99.133.26",
            "service_access_role": null,
            "ssl_mode": "none",
            "tags": {
              "Name": "target-migracao-mongodb-digital-commerce-services-payment"
            },
            "tags_all": {
              "Name": "target-migracao-mongodb-digital-commerce-services-payment"
            },
            "timeouts": null,
            "username": "migracao-database"
          },
          "sensitive_attributes": [],
          "private": "eyJlMmJmYjczMC1lY2FhLTExZTYtOGY4OC0zNDM2M2JjN2M0YzAiOnsiY3JlYXRlIjozMDAwMDAwMDAwMDAsImRlbGV0ZSI6NjAwMDAwMDAwMDAwfX0="
        }
      ]
    },
    {
      "mode": "managed",
      "type": "aws_dms_endpoint",
      "name": "target-endpoint-showcase",
      "provider": "provider[\"registry.terraform.io/hashicorp/aws\"]",
      "instances": [
        {
          "schema_version": 0,
          "attributes": {
            "certificate_arn": "",
            "database_name": "showcase",
            "elasticsearch_settings": [],
            "endpoint_arn": "arn:aws:dms:sa-east-1:492208500822:endpoint:6KF7WRHGGPNCWB6OH46OFGYA6YE5UU74253JYNA",
            "endpoint_id": "target-migracao-mongodb-digital-commerce-services-showcase",
            "endpoint_type": "target",
            "engine_name": "docdb",
            "extra_connection_attributes": "",
            "id": "target-migracao-mongodb-digital-commerce-services-showcase",
            "kafka_settings": [],
            "kinesis_settings": [],
            "kms_key_arn": "arn:aws:kms:sa-east-1:492208500822:key/a64924db-7648-4ce2-92b2-295ab2a50ab2",
            "mongodb_settings": [
              {
                "auth_mechanism": "default",
                "auth_source": "admin",
                "auth_type": "password",
                "docs_to_investigate": "1000",
                "extract_doc_id": "false",
                "nesting_level": "none"
              }
            ],
            "password": "123Troc@r",
            "port": 27017,
            "redis_settings": [],
            "redshift_settings": [],
            "s3_settings": [],
            "secrets_manager_access_role_arn": null,
            "secrets_manager_arn": null,
            "server_name": "10.99.133.26",
            "service_access_role": null,
            "ssl_mode": "none",
            "tags": {
              "Name": "target-migracao-mongodb-digital-commerce-services-showcase"
            },
            "tags_all": {
              "Name": "target-migracao-mongodb-digital-commerce-services-showcase"
            },
            "timeouts": null,
            "username": "migracao-database"
          },
          "sensitive_attributes": [],
          "private": "eyJlMmJmYjczMC1lY2FhLTExZTYtOGY4OC0zNDM2M2JjN2M0YzAiOnsiY3JlYXRlIjozMDAwMDAwMDAwMDAsImRlbGV0ZSI6NjAwMDAwMDAwMDAwfX0="
        }
      ]
    }
  ],
  "check_results": null
}
